// !$*UTF8*$!
{
	archiveVersion = 1;
	classes = {
	};
	objectVersion = 55;
	objects = {

/* Begin PBXBuildFile section */
		080EDEFB21B6DA7E00813479 /* EssentialFeed.framework in Frameworks */ = {isa = PBXBuildFile; fileRef = 080EDEF121B6DA7E00813479 /* EssentialFeed.framework */; };
		080EDF0C21B6DAE800813479 /* FeedItem.swift in Sources */ = {isa = PBXBuildFile; fileRef = 080EDF0B21B6DAE800813479 /* FeedItem.swift */; };
		080EDF0E21B6DCB600813479 /* FeedLoader.swift in Sources */ = {isa = PBXBuildFile; fileRef = 080EDF0D21B6DCB600813479 /* FeedLoader.swift */; };
		D213E1922E40B1E700603FC9 /* XCTestCase+FailableRetrieveFeedStoreSpecs.swift in Sources */ = {isa = PBXBuildFile; fileRef = D213E1912E40B1E200603FC9 /* XCTestCase+FailableRetrieveFeedStoreSpecs.swift */; };
		D213E1942E40B26700603FC9 /* XCTestCase+FailableInsertFeedStoreSpecs.swift in Sources */ = {isa = PBXBuildFile; fileRef = D213E1932E40B26400603FC9 /* XCTestCase+FailableInsertFeedStoreSpecs.swift */; };
		D213E1962E40B3CC00603FC9 /* XCTestCase+FailableDeleteFeedStoreSpecs.swift in Sources */ = {isa = PBXBuildFile; fileRef = D213E1952E40B3CA00603FC9 /* XCTestCase+FailableDeleteFeedStoreSpecs.swift */; };
		D213E1992E40B7AF00603FC9 /* CoreDataFeedStoreTests.swift in Sources */ = {isa = PBXBuildFile; fileRef = D213E1982E40B7AA00603FC9 /* CoreDataFeedStoreTests.swift */; };
		D213E19B2E40B80E00603FC9 /* CoreDataFeedStore.swift in Sources */ = {isa = PBXBuildFile; fileRef = D213E19A2E40B80B00603FC9 /* CoreDataFeedStore.swift */; };
		D213E19E2E40B96600603FC9 /* FeedStore.xcdatamodeld in Sources */ = {isa = PBXBuildFile; fileRef = D213E19C2E40B96600603FC9 /* FeedStore.xcdatamodeld */; };
		D213E1A32E40C19A00603FC9 /* CoreDataHelpers.swift in Sources */ = {isa = PBXBuildFile; fileRef = D213E1A22E40C19700603FC9 /* CoreDataHelpers.swift */; };
		D213E1A52E40C51900603FC9 /* ManagedCache.swift in Sources */ = {isa = PBXBuildFile; fileRef = D213E1A42E40C51900603FC9 /* ManagedCache.swift */; };
		D213E1A72E40C52900603FC9 /* ManagedFeedImage.swift in Sources */ = {isa = PBXBuildFile; fileRef = D213E1A62E40C52900603FC9 /* ManagedFeedImage.swift */; };
		D213E1B02E41F6C400603FC9 /* EssentialFeed.framework in Frameworks */ = {isa = PBXBuildFile; fileRef = 080EDEF121B6DA7E00813479 /* EssentialFeed.framework */; };
		D213E1B92E41F81700603FC9 /* EssentialFeedCacheIntegrationTests.swift in Sources */ = {isa = PBXBuildFile; fileRef = D213E1B72E41F81700603FC9 /* EssentialFeedCacheIntegrationTests.swift */; };
		D22022342E49E23300C319EE /* EssentialFeediOS.framework in Frameworks */ = {isa = PBXBuildFile; fileRef = D220222A2E49E23300C319EE /* EssentialFeediOS.framework */; };
		D2441C302D27F0CF00D52410 /* CacheFeedUseCaseTests.swift in Sources */ = {isa = PBXBuildFile; fileRef = D2441C2F2D27F0C900D52410 /* CacheFeedUseCaseTests.swift */; };
		D2441C332D28308200D52410 /* LocalFeedLoader.swift in Sources */ = {isa = PBXBuildFile; fileRef = D2441C322D28308200D52410 /* LocalFeedLoader.swift */; };
		D2441C352D2830CA00D52410 /* FeedStore.swift in Sources */ = {isa = PBXBuildFile; fileRef = D2441C342D2830CA00D52410 /* FeedStore.swift */; };
		D2441C372D2F45B300D52410 /* RemoteFeedItem.swift in Sources */ = {isa = PBXBuildFile; fileRef = D2441C362D2F45B300D52410 /* RemoteFeedItem.swift */; };
		D2441C392D2F45DB00D52410 /* LocalFeedImage.swift in Sources */ = {isa = PBXBuildFile; fileRef = D2441C382D2F45DB00D52410 /* LocalFeedImage.swift */; };
		D2441C3B2D301CAD00D52410 /* LoadFeedFromCacheUseCaseTests.swift in Sources */ = {isa = PBXBuildFile; fileRef = D2441C3A2D301CAD00D52410 /* LoadFeedFromCacheUseCaseTests.swift */; };
		D2441C3E2D301D5D00D52410 /* FeedStoreSpy.swift in Sources */ = {isa = PBXBuildFile; fileRef = D2441C3D2D301D5D00D52410 /* FeedStoreSpy.swift */; };
		D2441C402D3689E300D52410 /* ValidateFeedCacheUseCaseTests.swift in Sources */ = {isa = PBXBuildFile; fileRef = D2441C3F2D3689E300D52410 /* ValidateFeedCacheUseCaseTests.swift */; };
		D2441C422D368CA000D52410 /* FeedCacheTestHelpers.swift in Sources */ = {isa = PBXBuildFile; fileRef = D2441C412D368C9B00D52410 /* FeedCacheTestHelpers.swift */; };
		D2441C442D368D3600D52410 /* SharedTestHelpers.swift in Sources */ = {isa = PBXBuildFile; fileRef = D2441C432D368D3600D52410 /* SharedTestHelpers.swift */; };
		D2441C452D368D3600D52410 /* SharedTestHelpers.swift in Sources */ = {isa = PBXBuildFile; fileRef = D2441C432D368D3600D52410 /* SharedTestHelpers.swift */; };
		D27F27022E658D8200845F43 /* FeedViewAdapter.swift in Sources */ = {isa = PBXBuildFile; fileRef = D27F27012E658D8200845F43 /* FeedViewAdapter.swift */; };
		D2A2F7A02E6C0996003E5004 /* ErrorView.swift in Sources */ = {isa = PBXBuildFile; fileRef = D2A2F79F2E6C0996003E5004 /* ErrorView.swift */; };
		D2A2F7A72E6C0E0D003E5004 /* UIRefreshControl+Helpers.swift in Sources */ = {isa = PBXBuildFile; fileRef = D2A2F7A62E6C0E07003E5004 /* UIRefreshControl+Helpers.swift */; };
		D2A2F7AA2E6C14B5003E5004 /* FeedPresenterTests.swift in Sources */ = {isa = PBXBuildFile; fileRef = D2A2F7A92E6C14B5003E5004 /* FeedPresenterTests.swift */; };
		D2A2F7B22E6C1AB4003E5004 /* FeedPresenter.swift in Sources */ = {isa = PBXBuildFile; fileRef = D2A2F7B12E6C1AAF003E5004 /* FeedPresenter.swift */; };
		D2A2F7B32E6C1B20003E5004 /* Feed.strings in Resources */ = {isa = PBXBuildFile; fileRef = D2A2F7AE2E6C1810003E5004 /* Feed.strings */; };
		D2A2F7B52E6C1BDB003E5004 /* FeedViewModel.swift in Sources */ = {isa = PBXBuildFile; fileRef = D2A2F7B42E6C1BDB003E5004 /* FeedViewModel.swift */; };
		D2A2F7B72E6C1C02003E5004 /* FeedLoadingViewModel.swift in Sources */ = {isa = PBXBuildFile; fileRef = D2A2F7B62E6C1C02003E5004 /* FeedLoadingViewModel.swift */; };
		D2A2F7B92E6C1C0B003E5004 /* FeedErrorViewModel.swift in Sources */ = {isa = PBXBuildFile; fileRef = D2A2F7B82E6C1C0B003E5004 /* FeedErrorViewModel.swift */; };
		D2A2F7BB2E6EB6FA003E5004 /* FeedImagePresenterTests.swift in Sources */ = {isa = PBXBuildFile; fileRef = D2A2F7BA2E6EB6F2003E5004 /* FeedImagePresenterTests.swift */; };
		D2A2F7BD2E6EBA10003E5004 /* FeedImagePresenter.swift in Sources */ = {isa = PBXBuildFile; fileRef = D2A2F7BC2E6EBA0D003E5004 /* FeedImagePresenter.swift */; };
		D2A2F7BF2E6EBA74003E5004 /* FeedImageViewModel.swift in Sources */ = {isa = PBXBuildFile; fileRef = D2A2F7BE2E6EBA74003E5004 /* FeedImageViewModel.swift */; };
		D2A2F7C02E772AD2003E5004 /* FeedImageDataLoader.swift in Sources */ = {isa = PBXBuildFile; fileRef = D2A74E722E60471000DC3480 /* FeedImageDataLoader.swift */; };
		D2A2F7C42E772B27003E5004 /* LoadFeedImageDataFromRemoteUseCaseTests.swift in Sources */ = {isa = PBXBuildFile; fileRef = D2A2F7C32E772B20003E5004 /* LoadFeedImageDataFromRemoteUseCaseTests.swift */; };
		D2A2F7C72E773449003E5004 /* HTTPClientSpy.swift in Sources */ = {isa = PBXBuildFile; fileRef = D2A2F7C62E773449003E5004 /* HTTPClientSpy.swift */; };
		D2A2F7C92E7734B6003E5004 /* RemoteFeedImageDataLoader.swift in Sources */ = {isa = PBXBuildFile; fileRef = D2A2F7C82E7734B6003E5004 /* RemoteFeedImageDataLoader.swift */; };
		D2A2F7CE2E7739B2003E5004 /* HTTPURLResponse+StatusCode.swift in Sources */ = {isa = PBXBuildFile; fileRef = D2A2F7CD2E7739AB003E5004 /* HTTPURLResponse+StatusCode.swift */; };
		D2A2F7D02E773B0C003E5004 /* URLProtocolStub.swift in Sources */ = {isa = PBXBuildFile; fileRef = D2A2F7CF2E773B0C003E5004 /* URLProtocolStub.swift */; };
		D2A2F7D22E77FD55003E5004 /* LoadFeedImageDataFromCacheUseCaseTests.swift in Sources */ = {isa = PBXBuildFile; fileRef = D2A2F7D12E77FD55003E5004 /* LoadFeedImageDataFromCacheUseCaseTests.swift */; };
		D2A2F7D42E7800AD003E5004 /* FeedImageDataStore.swift in Sources */ = {isa = PBXBuildFile; fileRef = D2A2F7D32E7800AD003E5004 /* FeedImageDataStore.swift */; };
		D2A2F7D62E7800C0003E5004 /* LocalFeedImageDataLoader.swift in Sources */ = {isa = PBXBuildFile; fileRef = D2A2F7D52E7800C0003E5004 /* LocalFeedImageDataLoader.swift */; };
		D2A2F7D82E78055A003E5004 /* FeedImageDataStoreSpy.swift in Sources */ = {isa = PBXBuildFile; fileRef = D2A2F7D72E78055A003E5004 /* FeedImageDataStoreSpy.swift */; };
		D2A2F7D92E78055A003E5004 /* FeedImageDataStoreSpy.swift in Sources */ = {isa = PBXBuildFile; fileRef = D2A2F7D72E78055A003E5004 /* FeedImageDataStoreSpy.swift */; };
		D2A2F7DB2E7806D1003E5004 /* CacheFeedImageDataUseCaseTests.swift in Sources */ = {isa = PBXBuildFile; fileRef = D2A2F7DA2E7806C9003E5004 /* CacheFeedImageDataUseCaseTests.swift */; };
		D2A2F7DF2E7808EB003E5004 /* CoreDataFeedImageDataStoreTests.swift in Sources */ = {isa = PBXBuildFile; fileRef = D2A2F7DE2E7808DC003E5004 /* CoreDataFeedImageDataStoreTests.swift */; };
		D2A2F7E22E795FF1003E5004 /* CoreDataFeedStore+FeedImageDataLoader.swift in Sources */ = {isa = PBXBuildFile; fileRef = D2A2F7E12E795FF1003E5004 /* CoreDataFeedStore+FeedImageDataLoader.swift */; };
		D2A2F7E42E79620C003E5004 /* CoreDataFeedStore+FeedStore.swift in Sources */ = {isa = PBXBuildFile; fileRef = D2A2F7E32E79620C003E5004 /* CoreDataFeedStore+FeedStore.swift */; };
		D2A74E2E2E5D946600DC3480 /* FeedImageCell.swift in Sources */ = {isa = PBXBuildFile; fileRef = D2A74E2D2E5D946600DC3480 /* FeedImageCell.swift */; };
		D2A74E342E5D9FA000DC3480 /* UIView+Shimmering.swift in Sources */ = {isa = PBXBuildFile; fileRef = D2A74E332E5D9FA000DC3480 /* UIView+Shimmering.swift */; };
		D2A74E362E5EEA8400DC3480 /* UIImage+TestHelpers.swift in Sources */ = {isa = PBXBuildFile; fileRef = D2A74E352E5EEA8400DC3480 /* UIImage+TestHelpers.swift */; };
		D2A74E392E5EEADA00DC3480 /* UIRefreshControl+TestHelpers.swift in Sources */ = {isa = PBXBuildFile; fileRef = D2A74E382E5EEADA00DC3480 /* UIRefreshControl+TestHelpers.swift */; };
		D2A74E3B2E5EEAF900DC3480 /* UIButton+TestHelpers.swift.swift in Sources */ = {isa = PBXBuildFile; fileRef = D2A74E3A2E5EEAF800DC3480 /* UIButton+TestHelpers.swift.swift */; };
		D2A74E3F2E5EEBAF00DC3480 /* UIControl+TestHelpers.swift in Sources */ = {isa = PBXBuildFile; fileRef = D2A74E3E2E5EEBA900DC3480 /* UIControl+TestHelpers.swift */; };
		D2A74E452E5EED3C00DC3480 /* FeedViewController+TestHelpers.swift in Sources */ = {isa = PBXBuildFile; fileRef = D2A74E442E5EED3C00DC3480 /* FeedViewController+TestHelpers.swift */; };
		D2A74E472E5EED9200DC3480 /* FeedViewController+FakeRefreshControl.swift in Sources */ = {isa = PBXBuildFile; fileRef = D2A74E462E5EED8B00DC3480 /* FeedViewController+FakeRefreshControl.swift */; };
		D2A74E492E5EEDFF00DC3480 /* FeedImageCell+TestHelpers.swift in Sources */ = {isa = PBXBuildFile; fileRef = D2A74E482E5EEDFF00DC3480 /* FeedImageCell+TestHelpers.swift */; };
		D2A74E4B2E5EEE6100DC3480 /* FeedViewControllerTests+LoaderSpy.swift in Sources */ = {isa = PBXBuildFile; fileRef = D2A74E4A2E5EEE6100DC3480 /* FeedViewControllerTests+LoaderSpy.swift */; };
		D2A74E4D2E5EEEB100DC3480 /* FeedViewControllerTests+Assertions.swift in Sources */ = {isa = PBXBuildFile; fileRef = D2A74E4C2E5EEEAF00DC3480 /* FeedViewControllerTests+Assertions.swift */; };
		D2A74E772E604D8300DC3480 /* FeedImageCellController.swift in Sources */ = {isa = PBXBuildFile; fileRef = D2A74E762E604D7E00DC3480 /* FeedImageCellController.swift */; };
		D2A74E7C2E60531900DC3480 /* FeedUIComposer.swift in Sources */ = {isa = PBXBuildFile; fileRef = D2A74E7B2E60531500DC3480 /* FeedUIComposer.swift */; };
		D2A74EA72E643ED200DC3480 /* Feed.storyboard in Resources */ = {isa = PBXBuildFile; fileRef = D2A74EA62E643ED200DC3480 /* Feed.storyboard */; };
		D2A74EA92E643F2D00DC3480 /* Feed.xcassets in Resources */ = {isa = PBXBuildFile; fileRef = D2A74EA82E643F2D00DC3480 /* Feed.xcassets */; };
		D2A74EAB2E644BE400DC3480 /* UITableView+Dequeueing.swift in Sources */ = {isa = PBXBuildFile; fileRef = D2A74EAA2E644BDE00DC3480 /* UITableView+Dequeueing.swift */; };
		D2A74EAD2E644C3D00DC3480 /* UIImageView+Animations.swift in Sources */ = {isa = PBXBuildFile; fileRef = D2A74EAC2E644C3600DC3480 /* UIImageView+Animations.swift */; };
		D2A74EB22E64BEE100DC3480 /* FeedViewControllerTests+Localization.swift in Sources */ = {isa = PBXBuildFile; fileRef = D2A74EB12E64BECC00DC3480 /* FeedViewControllerTests+Localization.swift */; };
		D2A74EB92E64CA9000DC3480 /* FeedLocalizationTests.swift in Sources */ = {isa = PBXBuildFile; fileRef = D2A74EB82E64CA8A00DC3480 /* FeedLocalizationTests.swift */; };
		D2A74EBB2E6589D300DC3480 /* MainQueueDispatchDecorator.swift in Sources */ = {isa = PBXBuildFile; fileRef = D2A74EBA2E6589D300DC3480 /* MainQueueDispatchDecorator.swift */; };
		D2A74EBD2E658BA500DC3480 /* WeakRefVirtualProxy.swift in Sources */ = {isa = PBXBuildFile; fileRef = D2A74EBC2E658BA500DC3480 /* WeakRefVirtualProxy.swift */; };
		D2A74EBF2E658C0400DC3480 /* FeedImageDataLoaderPresentationAdapter.swift in Sources */ = {isa = PBXBuildFile; fileRef = D2A74EBE2E658C0400DC3480 /* FeedImageDataLoaderPresentationAdapter.swift */; };
		D2A74EC12E658C4300DC3480 /* FeedLoaderPresentationAdapter.swift in Sources */ = {isa = PBXBuildFile; fileRef = D2A74EC02E658C4300DC3480 /* FeedLoaderPresentationAdapter.swift */; };
		D2B462232D3875C500BCFD74 /* FeedCachePolicy.swift in Sources */ = {isa = PBXBuildFile; fileRef = D2B462222D3875C500BCFD74 /* FeedCachePolicy.swift */; };
		D2C40FBD2E813A3100E036E7 /* FeedCache.swift in Sources */ = {isa = PBXBuildFile; fileRef = D2C40FBC2E813A3100E036E7 /* FeedCache.swift */; };
		D2E4F0A12CFB6E5B0019E261 /* LoadFeedFromRemoteUseCaseTests.swift in Sources */ = {isa = PBXBuildFile; fileRef = D2E4F0A02CFB6E5B0019E261 /* LoadFeedFromRemoteUseCaseTests.swift */; };
		D2E4F0A42CFB76F30019E261 /* RemoteFeedLoader.swift in Sources */ = {isa = PBXBuildFile; fileRef = D2E4F0A32CFB76F30019E261 /* RemoteFeedLoader.swift */; };
		D2E4F0A62CFE55760019E261 /* HTTPClient.swift in Sources */ = {isa = PBXBuildFile; fileRef = D2E4F0A52CFE55760019E261 /* HTTPClient.swift */; };
		D2E4F0A82CFE55BD0019E261 /* FeedItemsMapper.swift in Sources */ = {isa = PBXBuildFile; fileRef = D2E4F0A72CFE55BD0019E261 /* FeedItemsMapper.swift */; };
		D2E4F0AB2D0F11450019E261 /* URLSessionHTTPClientTests.swift in Sources */ = {isa = PBXBuildFile; fileRef = D2E4F0AA2D0F11450019E261 /* URLSessionHTTPClientTests.swift */; };
		D2E91D632D158BB400EFE4A2 /* XCTestCase+MemoryLeakTracking.swift in Sources */ = {isa = PBXBuildFile; fileRef = D2E91D622D158BB400EFE4A2 /* XCTestCase+MemoryLeakTracking.swift */; };
		D2E91D652D159AF200EFE4A2 /* URLSessionHTTPClient.swift in Sources */ = {isa = PBXBuildFile; fileRef = D2E91D642D159AF200EFE4A2 /* URLSessionHTTPClient.swift */; };
		D2E91D6D2D159D6C00EFE4A2 /* EssentialFeedAPIEndToEndTests.swift in Sources */ = {isa = PBXBuildFile; fileRef = D2E91D6C2D159D6C00EFE4A2 /* EssentialFeedAPIEndToEndTests.swift */; };
		D2E91D6E2D159D6C00EFE4A2 /* EssentialFeed.framework in Frameworks */ = {isa = PBXBuildFile; fileRef = 080EDEF121B6DA7E00813479 /* EssentialFeed.framework */; };
		D2E91D742D15A15500EFE4A2 /* XCTestCase+MemoryLeakTracking.swift in Sources */ = {isa = PBXBuildFile; fileRef = D2E91D622D158BB400EFE4A2 /* XCTestCase+MemoryLeakTracking.swift */; };
		D2ECEB092E5315A100BC0A58 /* EssentialFeed.framework in Frameworks */ = {isa = PBXBuildFile; fileRef = 080EDEF121B6DA7E00813479 /* EssentialFeed.framework */; platformFilter = ios; };
		D2ECEB0A2E5315A100BC0A58 /* EssentialFeed.framework in Embed Frameworks */ = {isa = PBXBuildFile; fileRef = 080EDEF121B6DA7E00813479 /* EssentialFeed.framework */; platformFilter = ios; settings = {ATTRIBUTES = (CodeSignOnCopy, RemoveHeadersOnCopy, ); }; };
		D2ECEB152E5316E400BC0A58 /* XCTestCase+MemoryLeakTracking.swift in Sources */ = {isa = PBXBuildFile; fileRef = D2E91D622D158BB400EFE4A2 /* XCTestCase+MemoryLeakTracking.swift */; };
		D2ECEB202E53C25F00BC0A58 /* FeedViewController.swift in Sources */ = {isa = PBXBuildFile; fileRef = D2ECEB1E2E53C25F00BC0A58 /* FeedViewController.swift */; };
		D2ECEB232E53C27F00BC0A58 /* FeedUIIntegrationTests.swift in Sources */ = {isa = PBXBuildFile; fileRef = D2ECEB212E53C27F00BC0A58 /* FeedUIIntegrationTests.swift */; };
		D2F3C7CA2E0EEF7000FA571A /* FeedStoreSpecs.swift in Sources */ = {isa = PBXBuildFile; fileRef = D2F3C7C92E0EEF7000FA571A /* FeedStoreSpecs.swift */; };
		D2F3C7CC2E0EEFBE00FA571A /* XCTestCase+FeedStoreSpecs.swift in Sources */ = {isa = PBXBuildFile; fileRef = D2F3C7CB2E0EEFB700FA571A /* XCTestCase+FeedStoreSpecs.swift */; };
		D2F8B9EF2E41F95900BF18A8 /* XCTestCase+MemoryLeakTracking.swift in Sources */ = {isa = PBXBuildFile; fileRef = D2E91D622D158BB400EFE4A2 /* XCTestCase+MemoryLeakTracking.swift */; };
		D2F8B9F02E41F9E800BF18A8 /* FeedCacheTestHelpers.swift in Sources */ = {isa = PBXBuildFile; fileRef = D2441C412D368C9B00D52410 /* FeedCacheTestHelpers.swift */; };
		D2F8B9F12E41F9EF00BF18A8 /* SharedTestHelpers.swift in Sources */ = {isa = PBXBuildFile; fileRef = D2441C432D368D3600D52410 /* SharedTestHelpers.swift */; };
/* End PBXBuildFile section */

/* Begin PBXContainerItemProxy section */
		080EDEFC21B6DA7E00813479 /* PBXContainerItemProxy */ = {
			isa = PBXContainerItemProxy;
			containerPortal = 080EDEE821B6DA7E00813479 /* Project object */;
			proxyType = 1;
			remoteGlobalIDString = 080EDEF021B6DA7E00813479;
			remoteInfo = EssentialFeed;
		};
		D213E1B12E41F6C400603FC9 /* PBXContainerItemProxy */ = {
			isa = PBXContainerItemProxy;
			containerPortal = 080EDEE821B6DA7E00813479 /* Project object */;
			proxyType = 1;
			remoteGlobalIDString = 080EDEF021B6DA7E00813479;
			remoteInfo = EssentialFeed;
		};
		D22022352E49E23300C319EE /* PBXContainerItemProxy */ = {
			isa = PBXContainerItemProxy;
			containerPortal = 080EDEE821B6DA7E00813479 /* Project object */;
			proxyType = 1;
			remoteGlobalIDString = D22022292E49E23300C319EE;
			remoteInfo = EssentialFeediOS;
		};
		D2E91D6F2D159D6C00EFE4A2 /* PBXContainerItemProxy */ = {
			isa = PBXContainerItemProxy;
			containerPortal = 080EDEE821B6DA7E00813479 /* Project object */;
			proxyType = 1;
			remoteGlobalIDString = 080EDEF021B6DA7E00813479;
			remoteInfo = EssentialFeed;
		};
		D2ECEB0B2E5315A100BC0A58 /* PBXContainerItemProxy */ = {
			isa = PBXContainerItemProxy;
			containerPortal = 080EDEE821B6DA7E00813479 /* Project object */;
			proxyType = 1;
			remoteGlobalIDString = 080EDEF021B6DA7E00813479;
			remoteInfo = EssentialFeed;
		};
/* End PBXContainerItemProxy section */

/* Begin PBXCopyFilesBuildPhase section */
		D2ECEB0D2E5315A100BC0A58 /* Embed Frameworks */ = {
			isa = PBXCopyFilesBuildPhase;
			buildActionMask = 2147483647;
			dstPath = "";
			dstSubfolderSpec = 10;
			files = (
				D2ECEB0A2E5315A100BC0A58 /* EssentialFeed.framework in Embed Frameworks */,
			);
			name = "Embed Frameworks";
			runOnlyForDeploymentPostprocessing = 0;
		};
/* End PBXCopyFilesBuildPhase section */

/* Begin PBXFileReference section */
		080EDEF121B6DA7E00813479 /* EssentialFeed.framework */ = {isa = PBXFileReference; explicitFileType = wrapper.framework; includeInIndex = 0; path = EssentialFeed.framework; sourceTree = BUILT_PRODUCTS_DIR; };
		080EDEF521B6DA7E00813479 /* Info.plist */ = {isa = PBXFileReference; lastKnownFileType = text.plist.xml; path = Info.plist; sourceTree = "<group>"; };
		080EDEFA21B6DA7E00813479 /* EssentialFeedTests.xctest */ = {isa = PBXFileReference; explicitFileType = wrapper.cfbundle; includeInIndex = 0; path = EssentialFeedTests.xctest; sourceTree = BUILT_PRODUCTS_DIR; };
		080EDF0121B6DA7E00813479 /* Info.plist */ = {isa = PBXFileReference; lastKnownFileType = text.plist.xml; path = Info.plist; sourceTree = "<group>"; };
		080EDF0B21B6DAE800813479 /* FeedItem.swift */ = {isa = PBXFileReference; lastKnownFileType = sourcecode.swift; path = FeedItem.swift; sourceTree = "<group>"; };
		080EDF0D21B6DCB600813479 /* FeedLoader.swift */ = {isa = PBXFileReference; lastKnownFileType = sourcecode.swift; path = FeedLoader.swift; sourceTree = "<group>"; };
		D213E1912E40B1E200603FC9 /* XCTestCase+FailableRetrieveFeedStoreSpecs.swift */ = {isa = PBXFileReference; lastKnownFileType = sourcecode.swift; path = "XCTestCase+FailableRetrieveFeedStoreSpecs.swift"; sourceTree = "<group>"; };
		D213E1932E40B26400603FC9 /* XCTestCase+FailableInsertFeedStoreSpecs.swift */ = {isa = PBXFileReference; lastKnownFileType = sourcecode.swift; path = "XCTestCase+FailableInsertFeedStoreSpecs.swift"; sourceTree = "<group>"; };
		D213E1952E40B3CA00603FC9 /* XCTestCase+FailableDeleteFeedStoreSpecs.swift */ = {isa = PBXFileReference; lastKnownFileType = sourcecode.swift; path = "XCTestCase+FailableDeleteFeedStoreSpecs.swift"; sourceTree = "<group>"; };
		D213E1982E40B7AA00603FC9 /* CoreDataFeedStoreTests.swift */ = {isa = PBXFileReference; lastKnownFileType = sourcecode.swift; path = CoreDataFeedStoreTests.swift; sourceTree = "<group>"; };
		D213E19A2E40B80B00603FC9 /* CoreDataFeedStore.swift */ = {isa = PBXFileReference; lastKnownFileType = sourcecode.swift; path = CoreDataFeedStore.swift; sourceTree = "<group>"; };
		D213E19D2E40B96600603FC9 /* FeedStore.xcdatamodel */ = {isa = PBXFileReference; lastKnownFileType = wrapper.xcdatamodel; path = FeedStore.xcdatamodel; sourceTree = "<group>"; };
		D213E1A22E40C19700603FC9 /* CoreDataHelpers.swift */ = {isa = PBXFileReference; lastKnownFileType = sourcecode.swift; path = CoreDataHelpers.swift; sourceTree = "<group>"; };
		D213E1A42E40C51900603FC9 /* ManagedCache.swift */ = {isa = PBXFileReference; lastKnownFileType = sourcecode.swift; path = ManagedCache.swift; sourceTree = "<group>"; };
		D213E1A62E40C52900603FC9 /* ManagedFeedImage.swift */ = {isa = PBXFileReference; lastKnownFileType = sourcecode.swift; path = ManagedFeedImage.swift; sourceTree = "<group>"; };
		D213E1AC2E41F6C400603FC9 /* EssentialFeedCacheIntegrationTests.xctest */ = {isa = PBXFileReference; explicitFileType = wrapper.cfbundle; includeInIndex = 0; path = EssentialFeedCacheIntegrationTests.xctest; sourceTree = BUILT_PRODUCTS_DIR; };
		D213E1B62E41F7AA00603FC9 /* EssentialFeedCacheIntegrationTests.xctestplan */ = {isa = PBXFileReference; lastKnownFileType = text; path = EssentialFeedCacheIntegrationTests.xctestplan; sourceTree = "<group>"; };
		D213E1B72E41F81700603FC9 /* EssentialFeedCacheIntegrationTests.swift */ = {isa = PBXFileReference; lastKnownFileType = sourcecode.swift; path = EssentialFeedCacheIntegrationTests.swift; sourceTree = "<group>"; };
		D22022242E49DE9B00C319EE /* EssentialFeedAPIEndToEndTests.xctestplan */ = {isa = PBXFileReference; lastKnownFileType = text; path = EssentialFeedAPIEndToEndTests.xctestplan; sourceTree = "<group>"; };
		D220222A2E49E23300C319EE /* EssentialFeediOS.framework */ = {isa = PBXFileReference; explicitFileType = wrapper.framework; includeInIndex = 0; path = EssentialFeediOS.framework; sourceTree = BUILT_PRODUCTS_DIR; };
		D22022332E49E23300C319EE /* EssentialFeediOSTests.xctest */ = {isa = PBXFileReference; explicitFileType = wrapper.cfbundle; includeInIndex = 0; path = EssentialFeediOSTests.xctest; sourceTree = BUILT_PRODUCTS_DIR; };
		D22022422E49E38000C319EE /* EssentialFeediOS.xctestplan */ = {isa = PBXFileReference; lastKnownFileType = text; path = EssentialFeediOS.xctestplan; sourceTree = "<group>"; };
		D2441C2F2D27F0C900D52410 /* CacheFeedUseCaseTests.swift */ = {isa = PBXFileReference; lastKnownFileType = sourcecode.swift; path = CacheFeedUseCaseTests.swift; sourceTree = "<group>"; };
		D2441C322D28308200D52410 /* LocalFeedLoader.swift */ = {isa = PBXFileReference; lastKnownFileType = sourcecode.swift; path = LocalFeedLoader.swift; sourceTree = "<group>"; };
		D2441C342D2830CA00D52410 /* FeedStore.swift */ = {isa = PBXFileReference; lastKnownFileType = sourcecode.swift; path = FeedStore.swift; sourceTree = "<group>"; };
		D2441C362D2F45B300D52410 /* RemoteFeedItem.swift */ = {isa = PBXFileReference; lastKnownFileType = sourcecode.swift; path = RemoteFeedItem.swift; sourceTree = "<group>"; };
		D2441C382D2F45DB00D52410 /* LocalFeedImage.swift */ = {isa = PBXFileReference; lastKnownFileType = sourcecode.swift; path = LocalFeedImage.swift; sourceTree = "<group>"; };
		D2441C3A2D301CAD00D52410 /* LoadFeedFromCacheUseCaseTests.swift */ = {isa = PBXFileReference; lastKnownFileType = sourcecode.swift; path = LoadFeedFromCacheUseCaseTests.swift; sourceTree = "<group>"; };
		D2441C3D2D301D5D00D52410 /* FeedStoreSpy.swift */ = {isa = PBXFileReference; lastKnownFileType = sourcecode.swift; path = FeedStoreSpy.swift; sourceTree = "<group>"; };
		D2441C3F2D3689E300D52410 /* ValidateFeedCacheUseCaseTests.swift */ = {isa = PBXFileReference; lastKnownFileType = sourcecode.swift; path = ValidateFeedCacheUseCaseTests.swift; sourceTree = "<group>"; };
		D2441C412D368C9B00D52410 /* FeedCacheTestHelpers.swift */ = {isa = PBXFileReference; lastKnownFileType = sourcecode.swift; path = FeedCacheTestHelpers.swift; sourceTree = "<group>"; };
		D2441C432D368D3600D52410 /* SharedTestHelpers.swift */ = {isa = PBXFileReference; lastKnownFileType = sourcecode.swift; path = SharedTestHelpers.swift; sourceTree = "<group>"; };
		D27F27012E658D8200845F43 /* FeedViewAdapter.swift */ = {isa = PBXFileReference; lastKnownFileType = sourcecode.swift; path = FeedViewAdapter.swift; sourceTree = "<group>"; };
		D2A2F79F2E6C0996003E5004 /* ErrorView.swift */ = {isa = PBXFileReference; lastKnownFileType = sourcecode.swift; path = ErrorView.swift; sourceTree = "<group>"; };
		D2A2F7A62E6C0E07003E5004 /* UIRefreshControl+Helpers.swift */ = {isa = PBXFileReference; lastKnownFileType = sourcecode.swift; path = "UIRefreshControl+Helpers.swift"; sourceTree = "<group>"; };
		D2A2F7A92E6C14B5003E5004 /* FeedPresenterTests.swift */ = {isa = PBXFileReference; lastKnownFileType = sourcecode.swift; path = FeedPresenterTests.swift; sourceTree = "<group>"; };
		D2A2F7AB2E6C1810003E5004 /* Feed.strings */ = {isa = PBXFileReference; lastKnownFileType = text.plist.strings; name = Feed.strings; path = en.lproj/Feed.strings; sourceTree = "<group>"; };
		D2A2F7AC2E6C1810003E5004 /* Feed.strings */ = {isa = PBXFileReference; lastKnownFileType = text.plist.strings; name = Feed.strings; path = "pt-BR.lproj/Feed.strings"; sourceTree = "<group>"; };
		D2A2F7AD2E6C1810003E5004 /* Feed.strings */ = {isa = PBXFileReference; lastKnownFileType = text.plist.strings; name = Feed.strings; path = el.lproj/Feed.strings; sourceTree = "<group>"; };
		D2A2F7B12E6C1AAF003E5004 /* FeedPresenter.swift */ = {isa = PBXFileReference; lastKnownFileType = sourcecode.swift; path = FeedPresenter.swift; sourceTree = "<group>"; };
		D2A2F7B42E6C1BDB003E5004 /* FeedViewModel.swift */ = {isa = PBXFileReference; lastKnownFileType = sourcecode.swift; path = FeedViewModel.swift; sourceTree = "<group>"; };
		D2A2F7B62E6C1C02003E5004 /* FeedLoadingViewModel.swift */ = {isa = PBXFileReference; lastKnownFileType = sourcecode.swift; path = FeedLoadingViewModel.swift; sourceTree = "<group>"; };
		D2A2F7B82E6C1C0B003E5004 /* FeedErrorViewModel.swift */ = {isa = PBXFileReference; lastKnownFileType = sourcecode.swift; path = FeedErrorViewModel.swift; sourceTree = "<group>"; };
		D2A2F7BA2E6EB6F2003E5004 /* FeedImagePresenterTests.swift */ = {isa = PBXFileReference; lastKnownFileType = sourcecode.swift; path = FeedImagePresenterTests.swift; sourceTree = "<group>"; };
		D2A2F7BC2E6EBA0D003E5004 /* FeedImagePresenter.swift */ = {isa = PBXFileReference; lastKnownFileType = sourcecode.swift; path = FeedImagePresenter.swift; sourceTree = "<group>"; };
		D2A2F7BE2E6EBA74003E5004 /* FeedImageViewModel.swift */ = {isa = PBXFileReference; lastKnownFileType = sourcecode.swift; path = FeedImageViewModel.swift; sourceTree = "<group>"; };
		D2A2F7C32E772B20003E5004 /* LoadFeedImageDataFromRemoteUseCaseTests.swift */ = {isa = PBXFileReference; lastKnownFileType = sourcecode.swift; path = LoadFeedImageDataFromRemoteUseCaseTests.swift; sourceTree = "<group>"; };
		D2A2F7C62E773449003E5004 /* HTTPClientSpy.swift */ = {isa = PBXFileReference; lastKnownFileType = sourcecode.swift; path = HTTPClientSpy.swift; sourceTree = "<group>"; };
		D2A2F7C82E7734B6003E5004 /* RemoteFeedImageDataLoader.swift */ = {isa = PBXFileReference; lastKnownFileType = sourcecode.swift; path = RemoteFeedImageDataLoader.swift; sourceTree = "<group>"; };
		D2A2F7CD2E7739AB003E5004 /* HTTPURLResponse+StatusCode.swift */ = {isa = PBXFileReference; lastKnownFileType = sourcecode.swift; path = "HTTPURLResponse+StatusCode.swift"; sourceTree = "<group>"; };
		D2A2F7CF2E773B0C003E5004 /* URLProtocolStub.swift */ = {isa = PBXFileReference; lastKnownFileType = sourcecode.swift; path = URLProtocolStub.swift; sourceTree = "<group>"; };
		D2A2F7D12E77FD55003E5004 /* LoadFeedImageDataFromCacheUseCaseTests.swift */ = {isa = PBXFileReference; lastKnownFileType = sourcecode.swift; path = LoadFeedImageDataFromCacheUseCaseTests.swift; sourceTree = "<group>"; };
		D2A2F7D32E7800AD003E5004 /* FeedImageDataStore.swift */ = {isa = PBXFileReference; lastKnownFileType = sourcecode.swift; path = FeedImageDataStore.swift; sourceTree = "<group>"; };
		D2A2F7D52E7800C0003E5004 /* LocalFeedImageDataLoader.swift */ = {isa = PBXFileReference; lastKnownFileType = sourcecode.swift; path = LocalFeedImageDataLoader.swift; sourceTree = "<group>"; };
		D2A2F7D72E78055A003E5004 /* FeedImageDataStoreSpy.swift */ = {isa = PBXFileReference; lastKnownFileType = sourcecode.swift; path = FeedImageDataStoreSpy.swift; sourceTree = "<group>"; };
		D2A2F7DA2E7806C9003E5004 /* CacheFeedImageDataUseCaseTests.swift */ = {isa = PBXFileReference; lastKnownFileType = sourcecode.swift; path = CacheFeedImageDataUseCaseTests.swift; sourceTree = "<group>"; };
		D2A2F7DE2E7808DC003E5004 /* CoreDataFeedImageDataStoreTests.swift */ = {isa = PBXFileReference; lastKnownFileType = sourcecode.swift; path = CoreDataFeedImageDataStoreTests.swift; sourceTree = "<group>"; };
		D2A2F7E02E795C78003E5004 /* FeedStore2.xcdatamodel */ = {isa = PBXFileReference; lastKnownFileType = wrapper.xcdatamodel; path = FeedStore2.xcdatamodel; sourceTree = "<group>"; };
		D2A2F7E12E795FF1003E5004 /* CoreDataFeedStore+FeedImageDataLoader.swift */ = {isa = PBXFileReference; lastKnownFileType = sourcecode.swift; path = "CoreDataFeedStore+FeedImageDataLoader.swift"; sourceTree = "<group>"; };
		D2A2F7E32E79620C003E5004 /* CoreDataFeedStore+FeedStore.swift */ = {isa = PBXFileReference; lastKnownFileType = sourcecode.swift; path = "CoreDataFeedStore+FeedStore.swift"; sourceTree = "<group>"; };
		D2A74E2D2E5D946600DC3480 /* FeedImageCell.swift */ = {isa = PBXFileReference; lastKnownFileType = sourcecode.swift; path = FeedImageCell.swift; sourceTree = "<group>"; };
		D2A74E332E5D9FA000DC3480 /* UIView+Shimmering.swift */ = {isa = PBXFileReference; lastKnownFileType = sourcecode.swift; path = "UIView+Shimmering.swift"; sourceTree = "<group>"; };
		D2A74E352E5EEA8400DC3480 /* UIImage+TestHelpers.swift */ = {isa = PBXFileReference; lastKnownFileType = sourcecode.swift; path = "UIImage+TestHelpers.swift"; sourceTree = "<group>"; };
		D2A74E382E5EEADA00DC3480 /* UIRefreshControl+TestHelpers.swift */ = {isa = PBXFileReference; lastKnownFileType = sourcecode.swift; path = "UIRefreshControl+TestHelpers.swift"; sourceTree = "<group>"; };
		D2A74E3A2E5EEAF800DC3480 /* UIButton+TestHelpers.swift.swift */ = {isa = PBXFileReference; lastKnownFileType = sourcecode.swift; path = "UIButton+TestHelpers.swift.swift"; sourceTree = "<group>"; };
		D2A74E3E2E5EEBA900DC3480 /* UIControl+TestHelpers.swift */ = {isa = PBXFileReference; lastKnownFileType = sourcecode.swift; path = "UIControl+TestHelpers.swift"; sourceTree = "<group>"; };
		D2A74E442E5EED3C00DC3480 /* FeedViewController+TestHelpers.swift */ = {isa = PBXFileReference; lastKnownFileType = sourcecode.swift; path = "FeedViewController+TestHelpers.swift"; sourceTree = "<group>"; };
		D2A74E462E5EED8B00DC3480 /* FeedViewController+FakeRefreshControl.swift */ = {isa = PBXFileReference; lastKnownFileType = sourcecode.swift; path = "FeedViewController+FakeRefreshControl.swift"; sourceTree = "<group>"; };
		D2A74E482E5EEDFF00DC3480 /* FeedImageCell+TestHelpers.swift */ = {isa = PBXFileReference; lastKnownFileType = sourcecode.swift; path = "FeedImageCell+TestHelpers.swift"; sourceTree = "<group>"; };
		D2A74E4A2E5EEE6100DC3480 /* FeedViewControllerTests+LoaderSpy.swift */ = {isa = PBXFileReference; lastKnownFileType = sourcecode.swift; path = "FeedViewControllerTests+LoaderSpy.swift"; sourceTree = "<group>"; };
		D2A74E4C2E5EEEAF00DC3480 /* FeedViewControllerTests+Assertions.swift */ = {isa = PBXFileReference; lastKnownFileType = sourcecode.swift; path = "FeedViewControllerTests+Assertions.swift"; sourceTree = "<group>"; };
		D2A74E722E60471000DC3480 /* FeedImageDataLoader.swift */ = {isa = PBXFileReference; lastKnownFileType = sourcecode.swift; path = FeedImageDataLoader.swift; sourceTree = "<group>"; };
		D2A74E762E604D7E00DC3480 /* FeedImageCellController.swift */ = {isa = PBXFileReference; lastKnownFileType = sourcecode.swift; path = FeedImageCellController.swift; sourceTree = "<group>"; };
		D2A74E7B2E60531500DC3480 /* FeedUIComposer.swift */ = {isa = PBXFileReference; lastKnownFileType = sourcecode.swift; path = FeedUIComposer.swift; sourceTree = "<group>"; };
		D2A74EA62E643ED200DC3480 /* Feed.storyboard */ = {isa = PBXFileReference; lastKnownFileType = file.storyboard; path = Feed.storyboard; sourceTree = "<group>"; };
		D2A74EA82E643F2D00DC3480 /* Feed.xcassets */ = {isa = PBXFileReference; lastKnownFileType = folder.assetcatalog; path = Feed.xcassets; sourceTree = "<group>"; };
		D2A74EAA2E644BDE00DC3480 /* UITableView+Dequeueing.swift */ = {isa = PBXFileReference; lastKnownFileType = sourcecode.swift; path = "UITableView+Dequeueing.swift"; sourceTree = "<group>"; };
		D2A74EAC2E644C3600DC3480 /* UIImageView+Animations.swift */ = {isa = PBXFileReference; lastKnownFileType = sourcecode.swift; path = "UIImageView+Animations.swift"; sourceTree = "<group>"; };
		D2A74EB12E64BECC00DC3480 /* FeedViewControllerTests+Localization.swift */ = {isa = PBXFileReference; lastKnownFileType = sourcecode.swift; path = "FeedViewControllerTests+Localization.swift"; sourceTree = "<group>"; };
		D2A74EB82E64CA8A00DC3480 /* FeedLocalizationTests.swift */ = {isa = PBXFileReference; lastKnownFileType = sourcecode.swift; path = FeedLocalizationTests.swift; sourceTree = "<group>"; };
		D2A74EBA2E6589D300DC3480 /* MainQueueDispatchDecorator.swift */ = {isa = PBXFileReference; lastKnownFileType = sourcecode.swift; path = MainQueueDispatchDecorator.swift; sourceTree = "<group>"; };
		D2A74EBC2E658BA500DC3480 /* WeakRefVirtualProxy.swift */ = {isa = PBXFileReference; lastKnownFileType = sourcecode.swift; path = WeakRefVirtualProxy.swift; sourceTree = "<group>"; };
		D2A74EBE2E658C0400DC3480 /* FeedImageDataLoaderPresentationAdapter.swift */ = {isa = PBXFileReference; lastKnownFileType = sourcecode.swift; path = FeedImageDataLoaderPresentationAdapter.swift; sourceTree = "<group>"; };
		D2A74EC02E658C4300DC3480 /* FeedLoaderPresentationAdapter.swift */ = {isa = PBXFileReference; lastKnownFileType = sourcecode.swift; path = FeedLoaderPresentationAdapter.swift; sourceTree = "<group>"; };
		D2B462222D3875C500BCFD74 /* FeedCachePolicy.swift */ = {isa = PBXFileReference; lastKnownFileType = sourcecode.swift; path = FeedCachePolicy.swift; sourceTree = "<group>"; };
		D2C40FBC2E813A3100E036E7 /* FeedCache.swift */ = {isa = PBXFileReference; lastKnownFileType = sourcecode.swift; path = FeedCache.swift; sourceTree = "<group>"; };
		D2E4F0A02CFB6E5B0019E261 /* LoadFeedFromRemoteUseCaseTests.swift */ = {isa = PBXFileReference; lastKnownFileType = sourcecode.swift; path = LoadFeedFromRemoteUseCaseTests.swift; sourceTree = "<group>"; };
		D2E4F0A32CFB76F30019E261 /* RemoteFeedLoader.swift */ = {isa = PBXFileReference; lastKnownFileType = sourcecode.swift; path = RemoteFeedLoader.swift; sourceTree = "<group>"; };
		D2E4F0A52CFE55760019E261 /* HTTPClient.swift */ = {isa = PBXFileReference; lastKnownFileType = sourcecode.swift; path = HTTPClient.swift; sourceTree = "<group>"; };
		D2E4F0A72CFE55BD0019E261 /* FeedItemsMapper.swift */ = {isa = PBXFileReference; lastKnownFileType = sourcecode.swift; path = FeedItemsMapper.swift; sourceTree = "<group>"; };
		D2E4F0AA2D0F11450019E261 /* URLSessionHTTPClientTests.swift */ = {isa = PBXFileReference; lastKnownFileType = sourcecode.swift; path = URLSessionHTTPClientTests.swift; sourceTree = "<group>"; };
		D2E91D622D158BB400EFE4A2 /* XCTestCase+MemoryLeakTracking.swift */ = {isa = PBXFileReference; lastKnownFileType = sourcecode.swift; path = "XCTestCase+MemoryLeakTracking.swift"; sourceTree = "<group>"; };
		D2E91D642D159AF200EFE4A2 /* URLSessionHTTPClient.swift */ = {isa = PBXFileReference; lastKnownFileType = sourcecode.swift; path = URLSessionHTTPClient.swift; sourceTree = "<group>"; };
		D2E91D6A2D159D6C00EFE4A2 /* EssentialFeedAPIEndToEndTests.xctest */ = {isa = PBXFileReference; explicitFileType = wrapper.cfbundle; includeInIndex = 0; path = EssentialFeedAPIEndToEndTests.xctest; sourceTree = BUILT_PRODUCTS_DIR; };
		D2E91D6C2D159D6C00EFE4A2 /* EssentialFeedAPIEndToEndTests.swift */ = {isa = PBXFileReference; lastKnownFileType = sourcecode.swift; path = EssentialFeedAPIEndToEndTests.swift; sourceTree = "<group>"; };
		D2E91D752D15A2B100EFE4A2 /* CI_macOS.xctestplan */ = {isa = PBXFileReference; lastKnownFileType = text; path = CI_macOS.xctestplan; sourceTree = "<group>"; };
		D2E91D762D15B8F100EFE4A2 /* EssentialFeed.xctestplan */ = {isa = PBXFileReference; lastKnownFileType = text; path = EssentialFeed.xctestplan; sourceTree = "<group>"; };
		D2ECEB1E2E53C25F00BC0A58 /* FeedViewController.swift */ = {isa = PBXFileReference; lastKnownFileType = sourcecode.swift; path = FeedViewController.swift; sourceTree = "<group>"; };
		D2ECEB212E53C27F00BC0A58 /* FeedUIIntegrationTests.swift */ = {isa = PBXFileReference; lastKnownFileType = sourcecode.swift; path = FeedUIIntegrationTests.swift; sourceTree = "<group>"; };
		D2F3C7C92E0EEF7000FA571A /* FeedStoreSpecs.swift */ = {isa = PBXFileReference; lastKnownFileType = sourcecode.swift; path = FeedStoreSpecs.swift; sourceTree = "<group>"; };
		D2F3C7CB2E0EEFB700FA571A /* XCTestCase+FeedStoreSpecs.swift */ = {isa = PBXFileReference; lastKnownFileType = sourcecode.swift; path = "XCTestCase+FeedStoreSpecs.swift"; sourceTree = "<group>"; };
/* End PBXFileReference section */

/* Begin PBXFrameworksBuildPhase section */
		080EDEEE21B6DA7E00813479 /* Frameworks */ = {
			isa = PBXFrameworksBuildPhase;
			buildActionMask = 2147483647;
			files = (
			);
			runOnlyForDeploymentPostprocessing = 0;
		};
		080EDEF721B6DA7E00813479 /* Frameworks */ = {
			isa = PBXFrameworksBuildPhase;
			buildActionMask = 2147483647;
			files = (
				080EDEFB21B6DA7E00813479 /* EssentialFeed.framework in Frameworks */,
			);
			runOnlyForDeploymentPostprocessing = 0;
		};
		D213E1A92E41F6C400603FC9 /* Frameworks */ = {
			isa = PBXFrameworksBuildPhase;
			buildActionMask = 2147483647;
			files = (
				D213E1B02E41F6C400603FC9 /* EssentialFeed.framework in Frameworks */,
			);
			runOnlyForDeploymentPostprocessing = 0;
		};
		D22022272E49E23300C319EE /* Frameworks */ = {
			isa = PBXFrameworksBuildPhase;
			buildActionMask = 2147483647;
			files = (
				D2ECEB092E5315A100BC0A58 /* EssentialFeed.framework in Frameworks */,
			);
			runOnlyForDeploymentPostprocessing = 0;
		};
		D22022302E49E23300C319EE /* Frameworks */ = {
			isa = PBXFrameworksBuildPhase;
			buildActionMask = 2147483647;
			files = (
				D22022342E49E23300C319EE /* EssentialFeediOS.framework in Frameworks */,
			);
			runOnlyForDeploymentPostprocessing = 0;
		};
		D2E91D672D159D6C00EFE4A2 /* Frameworks */ = {
			isa = PBXFrameworksBuildPhase;
			buildActionMask = 2147483647;
			files = (
				D2E91D6E2D159D6C00EFE4A2 /* EssentialFeed.framework in Frameworks */,
			);
			runOnlyForDeploymentPostprocessing = 0;
		};
/* End PBXFrameworksBuildPhase section */

/* Begin PBXGroup section */
		080EDEE721B6DA7E00813479 = {
			isa = PBXGroup;
			children = (
				D22022422E49E38000C319EE /* EssentialFeediOS.xctestplan */,
				D22022242E49DE9B00C319EE /* EssentialFeedAPIEndToEndTests.xctestplan */,
				D213E1B62E41F7AA00603FC9 /* EssentialFeedCacheIntegrationTests.xctestplan */,
				D2E91D752D15A2B100EFE4A2 /* CI_macOS.xctestplan */,
				D2E91D762D15B8F100EFE4A2 /* EssentialFeed.xctestplan */,
				080EDEF321B6DA7E00813479 /* EssentialFeed */,
				080EDEFE21B6DA7E00813479 /* EssentialFeedTests */,
				D2E91D6B2D159D6C00EFE4A2 /* EssentialFeedAPIEndToEndTests */,
				D213E1B82E41F81700603FC9 /* EssentialFeedCacheIntegrationTests */,
				D2ECEB1F2E53C25F00BC0A58 /* EssentialFeediOS */,
				D2ECEB222E53C27F00BC0A58 /* EssentialFeediOSTests */,
				D2ECEB082E5315A100BC0A58 /* Frameworks */,
				080EDEF221B6DA7E00813479 /* Products */,
			);
			sourceTree = "<group>";
		};
		080EDEF221B6DA7E00813479 /* Products */ = {
			isa = PBXGroup;
			children = (
				080EDEF121B6DA7E00813479 /* EssentialFeed.framework */,
				080EDEFA21B6DA7E00813479 /* EssentialFeedTests.xctest */,
				D2E91D6A2D159D6C00EFE4A2 /* EssentialFeedAPIEndToEndTests.xctest */,
				D213E1AC2E41F6C400603FC9 /* EssentialFeedCacheIntegrationTests.xctest */,
				D220222A2E49E23300C319EE /* EssentialFeediOS.framework */,
				D22022332E49E23300C319EE /* EssentialFeediOSTests.xctest */,
			);
			name = Products;
			sourceTree = "<group>";
		};
		080EDEF321B6DA7E00813479 /* EssentialFeed */ = {
			isa = PBXGroup;
			children = (
				080EDEF521B6DA7E00813479 /* Info.plist */,
				D2A2F7B02E6C1AA3003E5004 /* Feed Presentation */,
				D2441C312D28307A00D52410 /* Feed Cache */,
				080EDF1021B6DFA200813479 /* Feed Feature */,
				D2E4F0A22CFB76D50019E261 /* Feed API */,
			);
			path = EssentialFeed;
			sourceTree = "<group>";
		};
		080EDEFE21B6DA7E00813479 /* EssentialFeedTests */ = {
			isa = PBXGroup;
			children = (
				080EDF0121B6DA7E00813479 /* Info.plist */,
				D2E91D612D158B9E00EFE4A2 /* Helpers */,
				D2441C2E2D27F0C200D52410 /* Feed Cache */,
				D2E4F0A92CFE5B0D0019E261 /* Feed API */,
				D2A2F7A82E6C149E003E5004 /* Feed Presentation */,
			);
			path = EssentialFeedTests;
			sourceTree = "<group>";
		};
		080EDF1021B6DFA200813479 /* Feed Feature */ = {
			isa = PBXGroup;
			children = (
				D2A74E722E60471000DC3480 /* FeedImageDataLoader.swift */,
				080EDF0B21B6DAE800813479 /* FeedItem.swift */,
				D2C40FBC2E813A3100E036E7 /* FeedCache.swift */,
				080EDF0D21B6DCB600813479 /* FeedLoader.swift */,
			);
			path = "Feed Feature";
			sourceTree = "<group>";
		};
		D213E1972E40B4D300603FC9 /* FeedStoreSpecs */ = {
			isa = PBXGroup;
			children = (
				D2F3C7C92E0EEF7000FA571A /* FeedStoreSpecs.swift */,
				D213E1912E40B1E200603FC9 /* XCTestCase+FailableRetrieveFeedStoreSpecs.swift */,
				D213E1932E40B26400603FC9 /* XCTestCase+FailableInsertFeedStoreSpecs.swift */,
				D213E1952E40B3CA00603FC9 /* XCTestCase+FailableDeleteFeedStoreSpecs.swift */,
				D2F3C7CB2E0EEFB700FA571A /* XCTestCase+FeedStoreSpecs.swift */,
			);
			path = FeedStoreSpecs;
			sourceTree = "<group>";
		};
		D213E19F2E40C0C700603FC9 /* Infrastructure */ = {
			isa = PBXGroup;
			children = (
				D213E1A02E40C0D200603FC9 /* CoreData */,
			);
			path = Infrastructure;
			sourceTree = "<group>";
		};
		D213E1A02E40C0D200603FC9 /* CoreData */ = {
			isa = PBXGroup;
			children = (
				D213E1A22E40C19700603FC9 /* CoreDataHelpers.swift */,
				D213E19A2E40B80B00603FC9 /* CoreDataFeedStore.swift */,
				D2A2F7E32E79620C003E5004 /* CoreDataFeedStore+FeedStore.swift */,
				D2A2F7E12E795FF1003E5004 /* CoreDataFeedStore+FeedImageDataLoader.swift */,
				D213E1A42E40C51900603FC9 /* ManagedCache.swift */,
				D213E1A62E40C52900603FC9 /* ManagedFeedImage.swift */,
				D213E19C2E40B96600603FC9 /* FeedStore.xcdatamodeld */,
			);
			path = CoreData;
			sourceTree = "<group>";
		};
		D213E1B82E41F81700603FC9 /* EssentialFeedCacheIntegrationTests */ = {
			isa = PBXGroup;
			children = (
				D213E1B72E41F81700603FC9 /* EssentialFeedCacheIntegrationTests.swift */,
			);
			path = EssentialFeedCacheIntegrationTests;
			sourceTree = "<group>";
		};
		D2441C2E2D27F0C200D52410 /* Feed Cache */ = {
			isa = PBXGroup;
			children = (
				D2441C3C2D301D5900D52410 /* Helpers */,
				D213E1972E40B4D300603FC9 /* FeedStoreSpecs */,
				D2441C2F2D27F0C900D52410 /* CacheFeedUseCaseTests.swift */,
				D2441C3F2D3689E300D52410 /* ValidateFeedCacheUseCaseTests.swift */,
				D2441C3A2D301CAD00D52410 /* LoadFeedFromCacheUseCaseTests.swift */,
				D2A2F7D12E77FD55003E5004 /* LoadFeedImageDataFromCacheUseCaseTests.swift */,
				D2A2F7DA2E7806C9003E5004 /* CacheFeedImageDataUseCaseTests.swift */,
				D2A2F7DE2E7808DC003E5004 /* CoreDataFeedImageDataStoreTests.swift */,
				D213E1982E40B7AA00603FC9 /* CoreDataFeedStoreTests.swift */,
			);
			path = "Feed Cache";
			sourceTree = "<group>";
		};
		D2441C312D28307A00D52410 /* Feed Cache */ = {
			isa = PBXGroup;
			children = (
				D213E19F2E40C0C700603FC9 /* Infrastructure */,
				D2441C322D28308200D52410 /* LocalFeedLoader.swift */,
				D2B462222D3875C500BCFD74 /* FeedCachePolicy.swift */,
				D2A2F7D32E7800AD003E5004 /* FeedImageDataStore.swift */,
				D2A2F7D52E7800C0003E5004 /* LocalFeedImageDataLoader.swift */,
				D2441C342D2830CA00D52410 /* FeedStore.swift */,
				D2441C382D2F45DB00D52410 /* LocalFeedImage.swift */,
			);
			path = "Feed Cache";
			sourceTree = "<group>";
		};
		D2441C3C2D301D5900D52410 /* Helpers */ = {
			isa = PBXGroup;
			children = (
				D2441C3D2D301D5D00D52410 /* FeedStoreSpy.swift */,
				D2A2F7D72E78055A003E5004 /* FeedImageDataStoreSpy.swift */,
				D2441C412D368C9B00D52410 /* FeedCacheTestHelpers.swift */,
			);
			path = Helpers;
			sourceTree = "<group>";
		};
		D2A2F7A12E6C0D91003E5004 /* Helpers */ = {
			isa = PBXGroup;
			children = (
				D2A74E332E5D9FA000DC3480 /* UIView+Shimmering.swift */,
				D2A74EAA2E644BDE00DC3480 /* UITableView+Dequeueing.swift */,
				D2A74EAC2E644C3600DC3480 /* UIImageView+Animations.swift */,
				D2A2F7A62E6C0E07003E5004 /* UIRefreshControl+Helpers.swift */,
			);
			path = Helpers;
			sourceTree = "<group>";
		};
		D2A2F7A82E6C149E003E5004 /* Feed Presentation */ = {
			isa = PBXGroup;
			children = (
				D2A74EB82E64CA8A00DC3480 /* FeedLocalizationTests.swift */,
				D2A2F7A92E6C14B5003E5004 /* FeedPresenterTests.swift */,
				D2A2F7BA2E6EB6F2003E5004 /* FeedImagePresenterTests.swift */,
			);
			path = "Feed Presentation";
			sourceTree = "<group>";
		};
		D2A2F7B02E6C1AA3003E5004 /* Feed Presentation */ = {
			isa = PBXGroup;
			children = (
				D2A2F7AE2E6C1810003E5004 /* Feed.strings */,
				D2A2F7B12E6C1AAF003E5004 /* FeedPresenter.swift */,
				D2A2F7BC2E6EBA0D003E5004 /* FeedImagePresenter.swift */,
				D2A2F7BE2E6EBA74003E5004 /* FeedImageViewModel.swift */,
				D2A2F7B42E6C1BDB003E5004 /* FeedViewModel.swift */,
				D2A2F7B62E6C1C02003E5004 /* FeedLoadingViewModel.swift */,
				D2A2F7B82E6C1C0B003E5004 /* FeedErrorViewModel.swift */,
			);
			path = "Feed Presentation";
			sourceTree = "<group>";
		};
		D2A2F7C52E77343A003E5004 /* Helpers */ = {
			isa = PBXGroup;
			children = (
				D2A2F7CF2E773B0C003E5004 /* URLProtocolStub.swift */,
				D2A2F7C62E773449003E5004 /* HTTPClientSpy.swift */,
			);
			path = Helpers;
			sourceTree = "<group>";
		};
		D2A2F7CA2E77399F003E5004 /* Helpers */ = {
			isa = PBXGroup;
			children = (
				D2A2F7CD2E7739AB003E5004 /* HTTPURLResponse+StatusCode.swift */,
			);
			path = Helpers;
			sourceTree = "<group>";
		};
		D2A74E372E5EEA9D00DC3480 /* Helpers */ = {
			isa = PBXGroup;
			children = (
				D2A74E352E5EEA8400DC3480 /* UIImage+TestHelpers.swift */,
				D2A74E3A2E5EEAF800DC3480 /* UIButton+TestHelpers.swift.swift */,
				D2A74E382E5EEADA00DC3480 /* UIRefreshControl+TestHelpers.swift */,
				D2A74E3E2E5EEBA900DC3480 /* UIControl+TestHelpers.swift */,
				D2A74E442E5EED3C00DC3480 /* FeedViewController+TestHelpers.swift */,
				D2A74E462E5EED8B00DC3480 /* FeedViewController+FakeRefreshControl.swift */,
				D2A74E482E5EEDFF00DC3480 /* FeedImageCell+TestHelpers.swift */,
				D2A74E4A2E5EEE6100DC3480 /* FeedViewControllerTests+LoaderSpy.swift */,
				D2A74E4C2E5EEEAF00DC3480 /* FeedViewControllerTests+Assertions.swift */,
				D2A74EB12E64BECC00DC3480 /* FeedViewControllerTests+Localization.swift */,
			);
			path = Helpers;
			sourceTree = "<group>";
		};
		D2A74E402E5EEC1800DC3480 /* Controllers */ = {
			isa = PBXGroup;
			children = (
				D2ECEB1E2E53C25F00BC0A58 /* FeedViewController.swift */,
				D2A74E762E604D7E00DC3480 /* FeedImageCellController.swift */,
			);
			path = Controllers;
			sourceTree = "<group>";
		};
		D2A74E412E5EEC2000DC3480 /* Views */ = {
			isa = PBXGroup;
			children = (
				D2A2F7A12E6C0D91003E5004 /* Helpers */,
				D2A74EA62E643ED200DC3480 /* Feed.storyboard */,
				D2A74EA82E643F2D00DC3480 /* Feed.xcassets */,
				D2A74E2D2E5D946600DC3480 /* FeedImageCell.swift */,
				D2A2F79F2E6C0996003E5004 /* ErrorView.swift */,
			);
			path = Views;
			sourceTree = "<group>";
		};
		D2A74E4E2E5EEF6300DC3480 /* Feed UI */ = {
			isa = PBXGroup;
			children = (
				D2A74E782E60530700DC3480 /* Composers */,
				D2A74E402E5EEC1800DC3480 /* Controllers */,
				D2A74E412E5EEC2000DC3480 /* Views */,
			);
			path = "Feed UI";
			sourceTree = "<group>";
		};
		D2A74E4F2E5EEF8900DC3480 /* Feed UI */ = {
			isa = PBXGroup;
			children = (
				D2A74E372E5EEA9D00DC3480 /* Helpers */,
				D2ECEB212E53C27F00BC0A58 /* FeedUIIntegrationTests.swift */,
			);
			path = "Feed UI";
			sourceTree = "<group>";
		};
		D2A74E782E60530700DC3480 /* Composers */ = {
			isa = PBXGroup;
			children = (
				D2A74E7B2E60531500DC3480 /* FeedUIComposer.swift */,
				D2A74EBA2E6589D300DC3480 /* MainQueueDispatchDecorator.swift */,
				D2A74EBC2E658BA500DC3480 /* WeakRefVirtualProxy.swift */,
				D2A74EBE2E658C0400DC3480 /* FeedImageDataLoaderPresentationAdapter.swift */,
				D2A74EC02E658C4300DC3480 /* FeedLoaderPresentationAdapter.swift */,
				D27F27012E658D8200845F43 /* FeedViewAdapter.swift */,
			);
			path = Composers;
			sourceTree = "<group>";
		};
		D2E4F0A22CFB76D50019E261 /* Feed API */ = {
			isa = PBXGroup;
			children = (
				D2A2F7CA2E77399F003E5004 /* Helpers */,
				D2E4F0A32CFB76F30019E261 /* RemoteFeedLoader.swift */,
				D2E4F0A72CFE55BD0019E261 /* FeedItemsMapper.swift */,
				D2441C362D2F45B300D52410 /* RemoteFeedItem.swift */,
				D2E4F0A52CFE55760019E261 /* HTTPClient.swift */,
				D2E91D642D159AF200EFE4A2 /* URLSessionHTTPClient.swift */,
				D2A2F7C82E7734B6003E5004 /* RemoteFeedImageDataLoader.swift */,
			);
			path = "Feed API";
			sourceTree = "<group>";
		};
		D2E4F0A92CFE5B0D0019E261 /* Feed API */ = {
			isa = PBXGroup;
			children = (
				D2A2F7C52E77343A003E5004 /* Helpers */,
				D2E4F0A02CFB6E5B0019E261 /* LoadFeedFromRemoteUseCaseTests.swift */,
				D2A2F7C32E772B20003E5004 /* LoadFeedImageDataFromRemoteUseCaseTests.swift */,
				D2E4F0AA2D0F11450019E261 /* URLSessionHTTPClientTests.swift */,
			);
			path = "Feed API";
			sourceTree = "<group>";
		};
		D2E91D612D158B9E00EFE4A2 /* Helpers */ = {
			isa = PBXGroup;
			children = (
				D2E91D622D158BB400EFE4A2 /* XCTestCase+MemoryLeakTracking.swift */,
				D2441C432D368D3600D52410 /* SharedTestHelpers.swift */,
			);
			path = Helpers;
			sourceTree = "<group>";
		};
		D2E91D6B2D159D6C00EFE4A2 /* EssentialFeedAPIEndToEndTests */ = {
			isa = PBXGroup;
			children = (
				D2E91D6C2D159D6C00EFE4A2 /* EssentialFeedAPIEndToEndTests.swift */,
			);
			path = EssentialFeedAPIEndToEndTests;
			sourceTree = "<group>";
		};
		D2ECEB082E5315A100BC0A58 /* Frameworks */ = {
			isa = PBXGroup;
			children = (
			);
			name = Frameworks;
			sourceTree = "<group>";
		};
		D2ECEB1F2E53C25F00BC0A58 /* EssentialFeediOS */ = {
			isa = PBXGroup;
			children = (
				D2A74E4E2E5EEF6300DC3480 /* Feed UI */,
			);
			path = EssentialFeediOS;
			sourceTree = "<group>";
		};
		D2ECEB222E53C27F00BC0A58 /* EssentialFeediOSTests */ = {
			isa = PBXGroup;
			children = (
				D2A74E4F2E5EEF8900DC3480 /* Feed UI */,
			);
			path = EssentialFeediOSTests;
			sourceTree = "<group>";
		};
/* End PBXGroup section */

/* Begin PBXHeadersBuildPhase section */
		080EDEEC21B6DA7E00813479 /* Headers */ = {
			isa = PBXHeadersBuildPhase;
			buildActionMask = 2147483647;
			files = (
			);
			runOnlyForDeploymentPostprocessing = 0;
		};
		D22022252E49E23300C319EE /* Headers */ = {
			isa = PBXHeadersBuildPhase;
			buildActionMask = 2147483647;
			files = (
			);
			runOnlyForDeploymentPostprocessing = 0;
		};
/* End PBXHeadersBuildPhase section */

/* Begin PBXNativeTarget section */
		080EDEF021B6DA7E00813479 /* EssentialFeed */ = {
			isa = PBXNativeTarget;
			buildConfigurationList = 080EDF0521B6DA7E00813479 /* Build configuration list for PBXNativeTarget "EssentialFeed" */;
			buildPhases = (
				080EDEEC21B6DA7E00813479 /* Headers */,
				080EDEED21B6DA7E00813479 /* Sources */,
				080EDEEE21B6DA7E00813479 /* Frameworks */,
				080EDEEF21B6DA7E00813479 /* Resources */,
			);
			buildRules = (
			);
			dependencies = (
			);
			name = EssentialFeed;
			productName = EssentialFeed;
			productReference = 080EDEF121B6DA7E00813479 /* EssentialFeed.framework */;
			productType = "com.apple.product-type.framework";
		};
		080EDEF921B6DA7E00813479 /* EssentialFeedTests */ = {
			isa = PBXNativeTarget;
			buildConfigurationList = 080EDF0821B6DA7E00813479 /* Build configuration list for PBXNativeTarget "EssentialFeedTests" */;
			buildPhases = (
				080EDEF621B6DA7E00813479 /* Sources */,
				080EDEF721B6DA7E00813479 /* Frameworks */,
				080EDEF821B6DA7E00813479 /* Resources */,
			);
			buildRules = (
			);
			dependencies = (
				080EDEFD21B6DA7E00813479 /* PBXTargetDependency */,
			);
			name = EssentialFeedTests;
			productName = EssentialFeedTests;
			productReference = 080EDEFA21B6DA7E00813479 /* EssentialFeedTests.xctest */;
			productType = "com.apple.product-type.bundle.unit-test";
		};
		D213E1AB2E41F6C400603FC9 /* EssentialFeedCacheIntegrationTests */ = {
			isa = PBXNativeTarget;
			buildConfigurationList = D213E1B52E41F6C400603FC9 /* Build configuration list for PBXNativeTarget "EssentialFeedCacheIntegrationTests" */;
			buildPhases = (
				D213E1A82E41F6C400603FC9 /* Sources */,
				D213E1A92E41F6C400603FC9 /* Frameworks */,
				D213E1AA2E41F6C400603FC9 /* Resources */,
			);
			buildRules = (
			);
			dependencies = (
				D213E1B22E41F6C400603FC9 /* PBXTargetDependency */,
			);
			name = EssentialFeedCacheIntegrationTests;
			packageProductDependencies = (
			);
			productName = EssentialFeedCacheIntegrationTests;
			productReference = D213E1AC2E41F6C400603FC9 /* EssentialFeedCacheIntegrationTests.xctest */;
			productType = "com.apple.product-type.bundle.unit-test";
		};
		D22022292E49E23300C319EE /* EssentialFeediOS */ = {
			isa = PBXNativeTarget;
			buildConfigurationList = D220223C2E49E23300C319EE /* Build configuration list for PBXNativeTarget "EssentialFeediOS" */;
			buildPhases = (
				D22022252E49E23300C319EE /* Headers */,
				D22022262E49E23300C319EE /* Sources */,
				D22022272E49E23300C319EE /* Frameworks */,
				D22022282E49E23300C319EE /* Resources */,
				D2ECEB0D2E5315A100BC0A58 /* Embed Frameworks */,
			);
			buildRules = (
			);
			dependencies = (
				D2ECEB0C2E5315A100BC0A58 /* PBXTargetDependency */,
			);
			name = EssentialFeediOS;
			packageProductDependencies = (
			);
			productName = EssentialFeediOS;
			productReference = D220222A2E49E23300C319EE /* EssentialFeediOS.framework */;
			productType = "com.apple.product-type.framework";
		};
		D22022322E49E23300C319EE /* EssentialFeediOSTests */ = {
			isa = PBXNativeTarget;
			buildConfigurationList = D220223F2E49E23300C319EE /* Build configuration list for PBXNativeTarget "EssentialFeediOSTests" */;
			buildPhases = (
				D220222F2E49E23300C319EE /* Sources */,
				D22022302E49E23300C319EE /* Frameworks */,
				D22022312E49E23300C319EE /* Resources */,
			);
			buildRules = (
			);
			dependencies = (
				D22022362E49E23300C319EE /* PBXTargetDependency */,
			);
			name = EssentialFeediOSTests;
			packageProductDependencies = (
			);
			productName = EssentialFeediOSTests;
			productReference = D22022332E49E23300C319EE /* EssentialFeediOSTests.xctest */;
			productType = "com.apple.product-type.bundle.unit-test";
		};
		D2E91D692D159D6C00EFE4A2 /* EssentialFeedAPIEndToEndTests */ = {
			isa = PBXNativeTarget;
			buildConfigurationList = D2E91D712D159D6C00EFE4A2 /* Build configuration list for PBXNativeTarget "EssentialFeedAPIEndToEndTests" */;
			buildPhases = (
				D2E91D662D159D6C00EFE4A2 /* Sources */,
				D2E91D672D159D6C00EFE4A2 /* Frameworks */,
				D2E91D682D159D6C00EFE4A2 /* Resources */,
			);
			buildRules = (
			);
			dependencies = (
				D2E91D702D159D6C00EFE4A2 /* PBXTargetDependency */,
			);
			name = EssentialFeedAPIEndToEndTests;
			productName = EssentialFeedAPIEndToEndTests;
			productReference = D2E91D6A2D159D6C00EFE4A2 /* EssentialFeedAPIEndToEndTests.xctest */;
			productType = "com.apple.product-type.bundle.unit-test";
		};
/* End PBXNativeTarget section */

/* Begin PBXProject section */
		080EDEE821B6DA7E00813479 /* Project object */ = {
			isa = PBXProject;
			attributes = {
				BuildIndependentTargetsInParallel = YES;
				LastSwiftUpdateCheck = 1610;
				LastUpgradeCheck = 1640;
				ORGANIZATIONNAME = "";
				TargetAttributes = {
					080EDEF021B6DA7E00813479 = {
						CreatedOnToolsVersion = 10.1;
						LastSwiftMigration = 1540;
					};
					080EDEF921B6DA7E00813479 = {
						CreatedOnToolsVersion = 10.1;
						LastSwiftMigration = 1500;
					};
					D213E1AB2E41F6C400603FC9 = {
						CreatedOnToolsVersion = 16.1;
					};
					D22022292E49E23300C319EE = {
						CreatedOnToolsVersion = 16.1;
						LastSwiftMigration = 1610;
					};
					D22022322E49E23300C319EE = {
						CreatedOnToolsVersion = 16.1;
						LastSwiftMigration = 1610;
					};
					D2E91D692D159D6C00EFE4A2 = {
						CreatedOnToolsVersion = 15.0;
					};
				};
			};
			buildConfigurationList = 080EDEEB21B6DA7E00813479 /* Build configuration list for PBXProject "EssentialFeed" */;
			compatibilityVersion = "Xcode 13.0";
			developmentRegion = en;
			hasScannedForEncodings = 0;
			knownRegions = (
				en,
				Base,
				"pt-BR",
				el,
			);
			mainGroup = 080EDEE721B6DA7E00813479;
			productRefGroup = 080EDEF221B6DA7E00813479 /* Products */;
			projectDirPath = "";
			projectRoot = "";
			targets = (
				080EDEF021B6DA7E00813479 /* EssentialFeed */,
				080EDEF921B6DA7E00813479 /* EssentialFeedTests */,
				D2E91D692D159D6C00EFE4A2 /* EssentialFeedAPIEndToEndTests */,
				D213E1AB2E41F6C400603FC9 /* EssentialFeedCacheIntegrationTests */,
				D22022292E49E23300C319EE /* EssentialFeediOS */,
				D22022322E49E23300C319EE /* EssentialFeediOSTests */,
			);
		};
/* End PBXProject section */

/* Begin PBXResourcesBuildPhase section */
		080EDEEF21B6DA7E00813479 /* Resources */ = {
			isa = PBXResourcesBuildPhase;
			buildActionMask = 2147483647;
			files = (
				D2A2F7B32E6C1B20003E5004 /* Feed.strings in Resources */,
			);
			runOnlyForDeploymentPostprocessing = 0;
		};
		080EDEF821B6DA7E00813479 /* Resources */ = {
			isa = PBXResourcesBuildPhase;
			buildActionMask = 2147483647;
			files = (
			);
			runOnlyForDeploymentPostprocessing = 0;
		};
		D213E1AA2E41F6C400603FC9 /* Resources */ = {
			isa = PBXResourcesBuildPhase;
			buildActionMask = 2147483647;
			files = (
			);
			runOnlyForDeploymentPostprocessing = 0;
		};
		D22022282E49E23300C319EE /* Resources */ = {
			isa = PBXResourcesBuildPhase;
			buildActionMask = 2147483647;
			files = (
				D2A74EA72E643ED200DC3480 /* Feed.storyboard in Resources */,
				D2A74EA92E643F2D00DC3480 /* Feed.xcassets in Resources */,
			);
			runOnlyForDeploymentPostprocessing = 0;
		};
		D22022312E49E23300C319EE /* Resources */ = {
			isa = PBXResourcesBuildPhase;
			buildActionMask = 2147483647;
			files = (
			);
			runOnlyForDeploymentPostprocessing = 0;
		};
		D2E91D682D159D6C00EFE4A2 /* Resources */ = {
			isa = PBXResourcesBuildPhase;
			buildActionMask = 2147483647;
			files = (
			);
			runOnlyForDeploymentPostprocessing = 0;
		};
/* End PBXResourcesBuildPhase section */

/* Begin PBXSourcesBuildPhase section */
		080EDEED21B6DA7E00813479 /* Sources */ = {
			isa = PBXSourcesBuildPhase;
			buildActionMask = 2147483647;
			files = (
				D213E1A32E40C19A00603FC9 /* CoreDataHelpers.swift in Sources */,
				D2E4F0A82CFE55BD0019E261 /* FeedItemsMapper.swift in Sources */,
				080EDF0E21B6DCB600813479 /* FeedLoader.swift in Sources */,
				D2441C372D2F45B300D52410 /* RemoteFeedItem.swift in Sources */,
				D2A2F7BF2E6EBA74003E5004 /* FeedImageViewModel.swift in Sources */,
				D2A2F7E42E79620C003E5004 /* CoreDataFeedStore+FeedStore.swift in Sources */,
				D2B462232D3875C500BCFD74 /* FeedCachePolicy.swift in Sources */,
				D2A2F7C92E7734B6003E5004 /* RemoteFeedImageDataLoader.swift in Sources */,
				D2E4F0A42CFB76F30019E261 /* RemoteFeedLoader.swift in Sources */,
				D213E19E2E40B96600603FC9 /* FeedStore.xcdatamodeld in Sources */,
				D2A2F7E22E795FF1003E5004 /* CoreDataFeedStore+FeedImageDataLoader.swift in Sources */,
				D2441C392D2F45DB00D52410 /* LocalFeedImage.swift in Sources */,
				D2A2F7B52E6C1BDB003E5004 /* FeedViewModel.swift in Sources */,
				D2441C352D2830CA00D52410 /* FeedStore.swift in Sources */,
				D2441C332D28308200D52410 /* LocalFeedLoader.swift in Sources */,
				D2E4F0A62CFE55760019E261 /* HTTPClient.swift in Sources */,
				080EDF0C21B6DAE800813479 /* FeedItem.swift in Sources */,
				D2A2F7D42E7800AD003E5004 /* FeedImageDataStore.swift in Sources */,
				D2A2F7B22E6C1AB4003E5004 /* FeedPresenter.swift in Sources */,
				D2E91D652D159AF200EFE4A2 /* URLSessionHTTPClient.swift in Sources */,
				D2A2F7CE2E7739B2003E5004 /* HTTPURLResponse+StatusCode.swift in Sources */,
				D213E1A52E40C51900603FC9 /* ManagedCache.swift in Sources */,
				D213E19B2E40B80E00603FC9 /* CoreDataFeedStore.swift in Sources */,
				D2A2F7B92E6C1C0B003E5004 /* FeedErrorViewModel.swift in Sources */,
				D2A2F7C02E772AD2003E5004 /* FeedImageDataLoader.swift in Sources */,
				D2A2F7B72E6C1C02003E5004 /* FeedLoadingViewModel.swift in Sources */,
				D2A2F7D62E7800C0003E5004 /* LocalFeedImageDataLoader.swift in Sources */,
				D2A2F7BD2E6EBA10003E5004 /* FeedImagePresenter.swift in Sources */,
				D2C40FBD2E813A3100E036E7 /* FeedCache.swift in Sources */,
				D213E1A72E40C52900603FC9 /* ManagedFeedImage.swift in Sources */,
			);
			runOnlyForDeploymentPostprocessing = 0;
		};
		080EDEF621B6DA7E00813479 /* Sources */ = {
			isa = PBXSourcesBuildPhase;
			buildActionMask = 2147483647;
			files = (
				D2441C422D368CA000D52410 /* FeedCacheTestHelpers.swift in Sources */,
				D2441C402D3689E300D52410 /* ValidateFeedCacheUseCaseTests.swift in Sources */,
				D2E4F0A12CFB6E5B0019E261 /* LoadFeedFromRemoteUseCaseTests.swift in Sources */,
				D2A2F7D22E77FD55003E5004 /* LoadFeedImageDataFromCacheUseCaseTests.swift in Sources */,
				D2A2F7DF2E7808EB003E5004 /* CoreDataFeedImageDataStoreTests.swift in Sources */,
				D2A2F7BB2E6EB6FA003E5004 /* FeedImagePresenterTests.swift in Sources */,
				D2A2F7C42E772B27003E5004 /* LoadFeedImageDataFromRemoteUseCaseTests.swift in Sources */,
				D2A2F7C72E773449003E5004 /* HTTPClientSpy.swift in Sources */,
				D213E1942E40B26700603FC9 /* XCTestCase+FailableInsertFeedStoreSpecs.swift in Sources */,
				D2E4F0AB2D0F11450019E261 /* URLSessionHTTPClientTests.swift in Sources */,
				D2441C3E2D301D5D00D52410 /* FeedStoreSpy.swift in Sources */,
				D2441C302D27F0CF00D52410 /* CacheFeedUseCaseTests.swift in Sources */,
				D2441C3B2D301CAD00D52410 /* LoadFeedFromCacheUseCaseTests.swift in Sources */,
				D2A2F7D92E78055A003E5004 /* FeedImageDataStoreSpy.swift in Sources */,
				D213E1962E40B3CC00603FC9 /* XCTestCase+FailableDeleteFeedStoreSpecs.swift in Sources */,
				D213E1922E40B1E700603FC9 /* XCTestCase+FailableRetrieveFeedStoreSpecs.swift in Sources */,
				D2A2F7AA2E6C14B5003E5004 /* FeedPresenterTests.swift in Sources */,
				D2441C452D368D3600D52410 /* SharedTestHelpers.swift in Sources */,
				D2F3C7CA2E0EEF7000FA571A /* FeedStoreSpecs.swift in Sources */,
				D2A2F7DB2E7806D1003E5004 /* CacheFeedImageDataUseCaseTests.swift in Sources */,
				D2E91D632D158BB400EFE4A2 /* XCTestCase+MemoryLeakTracking.swift in Sources */,
				D213E1992E40B7AF00603FC9 /* CoreDataFeedStoreTests.swift in Sources */,
				D2F3C7CC2E0EEFBE00FA571A /* XCTestCase+FeedStoreSpecs.swift in Sources */,
				D2A2F7D02E773B0C003E5004 /* URLProtocolStub.swift in Sources */,
			);
			runOnlyForDeploymentPostprocessing = 0;
		};
		D213E1A82E41F6C400603FC9 /* Sources */ = {
			isa = PBXSourcesBuildPhase;
			buildActionMask = 2147483647;
			files = (
				D2A2F7D82E78055A003E5004 /* FeedImageDataStoreSpy.swift in Sources */,
				D2F8B9F12E41F9EF00BF18A8 /* SharedTestHelpers.swift in Sources */,
				D213E1B92E41F81700603FC9 /* EssentialFeedCacheIntegrationTests.swift in Sources */,
				D2F8B9F02E41F9E800BF18A8 /* FeedCacheTestHelpers.swift in Sources */,
				D2F8B9EF2E41F95900BF18A8 /* XCTestCase+MemoryLeakTracking.swift in Sources */,
			);
			runOnlyForDeploymentPostprocessing = 0;
		};
		D22022262E49E23300C319EE /* Sources */ = {
			isa = PBXSourcesBuildPhase;
			buildActionMask = 2147483647;
			files = (
				D2ECEB202E53C25F00BC0A58 /* FeedViewController.swift in Sources */,
				D2A2F7A02E6C0996003E5004 /* ErrorView.swift in Sources */,
				D2A2F7A72E6C0E0D003E5004 /* UIRefreshControl+Helpers.swift in Sources */,
				D2A74EAB2E644BE400DC3480 /* UITableView+Dequeueing.swift in Sources */,
				D2A74E342E5D9FA000DC3480 /* UIView+Shimmering.swift in Sources */,
				D2A74EC12E658C4300DC3480 /* FeedLoaderPresentationAdapter.swift in Sources */,
				D2A74EBD2E658BA500DC3480 /* WeakRefVirtualProxy.swift in Sources */,
				D2A74EAD2E644C3D00DC3480 /* UIImageView+Animations.swift in Sources */,
				D2A74EBB2E6589D300DC3480 /* MainQueueDispatchDecorator.swift in Sources */,
				D2A74E2E2E5D946600DC3480 /* FeedImageCell.swift in Sources */,
				D2A74EBF2E658C0400DC3480 /* FeedImageDataLoaderPresentationAdapter.swift in Sources */,
				D2A74E772E604D8300DC3480 /* FeedImageCellController.swift in Sources */,
				D27F27022E658D8200845F43 /* FeedViewAdapter.swift in Sources */,
				D2A74E7C2E60531900DC3480 /* FeedUIComposer.swift in Sources */,
			);
			runOnlyForDeploymentPostprocessing = 0;
		};
		D220222F2E49E23300C319EE /* Sources */ = {
			isa = PBXSourcesBuildPhase;
			buildActionMask = 2147483647;
			files = (
				D2A74E3B2E5EEAF900DC3480 /* UIButton+TestHelpers.swift.swift in Sources */,
				D2ECEB232E53C27F00BC0A58 /* FeedUIIntegrationTests.swift in Sources */,
				D2A74E452E5EED3C00DC3480 /* FeedViewController+TestHelpers.swift in Sources */,
				D2A74E472E5EED9200DC3480 /* FeedViewController+FakeRefreshControl.swift in Sources */,
				D2A74E392E5EEADA00DC3480 /* UIRefreshControl+TestHelpers.swift in Sources */,
				D2A74E3F2E5EEBAF00DC3480 /* UIControl+TestHelpers.swift in Sources */,
				D2A74E362E5EEA8400DC3480 /* UIImage+TestHelpers.swift in Sources */,
				D2A74E4B2E5EEE6100DC3480 /* FeedViewControllerTests+LoaderSpy.swift in Sources */,
				D2A74EB92E64CA9000DC3480 /* FeedLocalizationTests.swift in Sources */,
				D2A74E492E5EEDFF00DC3480 /* FeedImageCell+TestHelpers.swift in Sources */,
				D2A74E4D2E5EEEB100DC3480 /* FeedViewControllerTests+Assertions.swift in Sources */,
				D2ECEB152E5316E400BC0A58 /* XCTestCase+MemoryLeakTracking.swift in Sources */,
				D2A74EB22E64BEE100DC3480 /* FeedViewControllerTests+Localization.swift in Sources */,
			);
			runOnlyForDeploymentPostprocessing = 0;
		};
		D2E91D662D159D6C00EFE4A2 /* Sources */ = {
			isa = PBXSourcesBuildPhase;
			buildActionMask = 2147483647;
			files = (
				D2E91D6D2D159D6C00EFE4A2 /* EssentialFeedAPIEndToEndTests.swift in Sources */,
				D2441C442D368D3600D52410 /* SharedTestHelpers.swift in Sources */,
				D2E91D742D15A15500EFE4A2 /* XCTestCase+MemoryLeakTracking.swift in Sources */,
			);
			runOnlyForDeploymentPostprocessing = 0;
		};
/* End PBXSourcesBuildPhase section */

/* Begin PBXTargetDependency section */
		080EDEFD21B6DA7E00813479 /* PBXTargetDependency */ = {
			isa = PBXTargetDependency;
			target = 080EDEF021B6DA7E00813479 /* EssentialFeed */;
			targetProxy = 080EDEFC21B6DA7E00813479 /* PBXContainerItemProxy */;
		};
		D213E1B22E41F6C400603FC9 /* PBXTargetDependency */ = {
			isa = PBXTargetDependency;
			target = 080EDEF021B6DA7E00813479 /* EssentialFeed */;
			targetProxy = D213E1B12E41F6C400603FC9 /* PBXContainerItemProxy */;
		};
		D22022362E49E23300C319EE /* PBXTargetDependency */ = {
			isa = PBXTargetDependency;
			target = D22022292E49E23300C319EE /* EssentialFeediOS */;
			targetProxy = D22022352E49E23300C319EE /* PBXContainerItemProxy */;
		};
		D2E91D702D159D6C00EFE4A2 /* PBXTargetDependency */ = {
			isa = PBXTargetDependency;
			target = 080EDEF021B6DA7E00813479 /* EssentialFeed */;
			targetProxy = D2E91D6F2D159D6C00EFE4A2 /* PBXContainerItemProxy */;
		};
		D2ECEB0C2E5315A100BC0A58 /* PBXTargetDependency */ = {
			isa = PBXTargetDependency;
			platformFilter = ios;
			target = 080EDEF021B6DA7E00813479 /* EssentialFeed */;
			targetProxy = D2ECEB0B2E5315A100BC0A58 /* PBXContainerItemProxy */;
		};
/* End PBXTargetDependency section */

/* Begin PBXVariantGroup section */
		D2A2F7AE2E6C1810003E5004 /* Feed.strings */ = {
			isa = PBXVariantGroup;
			children = (
				D2A2F7AB2E6C1810003E5004 /* Feed.strings */,
				D2A2F7AC2E6C1810003E5004 /* Feed.strings */,
				D2A2F7AD2E6C1810003E5004 /* Feed.strings */,
			);
			name = Feed.strings;
			sourceTree = "<group>";
		};
/* End PBXVariantGroup section */

/* Begin XCBuildConfiguration section */
		080EDF0321B6DA7E00813479 /* Debug */ = {
			isa = XCBuildConfiguration;
			buildSettings = {
				ALWAYS_SEARCH_USER_PATHS = NO;
				ASSETCATALOG_COMPILER_GENERATE_SWIFT_ASSET_SYMBOL_EXTENSIONS = YES;
				CLANG_ANALYZER_LOCALIZABILITY_NONLOCALIZED = YES;
				CLANG_ANALYZER_NONNULL = YES;
				CLANG_ANALYZER_NUMBER_OBJECT_CONVERSION = YES_AGGRESSIVE;
				CLANG_CXX_LANGUAGE_STANDARD = "gnu++14";
				CLANG_CXX_LIBRARY = "libc++";
				CLANG_ENABLE_MODULES = YES;
				CLANG_ENABLE_OBJC_ARC = YES;
				CLANG_ENABLE_OBJC_WEAK = YES;
				CLANG_WARN_BLOCK_CAPTURE_AUTORELEASING = YES;
				CLANG_WARN_BOOL_CONVERSION = YES;
				CLANG_WARN_COMMA = YES;
				CLANG_WARN_CONSTANT_CONVERSION = YES;
				CLANG_WARN_DEPRECATED_OBJC_IMPLEMENTATIONS = YES;
				CLANG_WARN_DIRECT_OBJC_ISA_USAGE = YES_ERROR;
				CLANG_WARN_DOCUMENTATION_COMMENTS = YES;
				CLANG_WARN_EMPTY_BODY = YES;
				CLANG_WARN_ENUM_CONVERSION = YES;
				CLANG_WARN_INFINITE_RECURSION = YES;
				CLANG_WARN_INT_CONVERSION = YES;
				CLANG_WARN_NON_LITERAL_NULL_CONVERSION = YES;
				CLANG_WARN_OBJC_IMPLICIT_RETAIN_SELF = YES;
				CLANG_WARN_OBJC_LITERAL_CONVERSION = YES;
				CLANG_WARN_OBJC_ROOT_CLASS = YES_ERROR;
				CLANG_WARN_QUOTED_INCLUDE_IN_FRAMEWORK_HEADER = YES;
				CLANG_WARN_RANGE_LOOP_ANALYSIS = YES;
				CLANG_WARN_STRICT_PROTOTYPES = YES;
				CLANG_WARN_SUSPICIOUS_MOVE = YES;
				CLANG_WARN_UNGUARDED_AVAILABILITY = YES_AGGRESSIVE;
				CLANG_WARN_UNREACHABLE_CODE = YES;
				CLANG_WARN__DUPLICATE_METHOD_MATCH = YES;
				CODE_SIGN_IDENTITY = "Mac Developer";
				COPY_PHASE_STRIP = NO;
				CURRENT_PROJECT_VERSION = 1;
				DEAD_CODE_STRIPPING = YES;
				DEBUG_INFORMATION_FORMAT = dwarf;
				DEVELOPMENT_TEAM = YK9KUM8896;
				ENABLE_STRICT_OBJC_MSGSEND = YES;
				ENABLE_TESTABILITY = YES;
				ENABLE_USER_SCRIPT_SANDBOXING = YES;
				GCC_C_LANGUAGE_STANDARD = gnu11;
				GCC_DYNAMIC_NO_PIC = NO;
				GCC_NO_COMMON_BLOCKS = YES;
				GCC_OPTIMIZATION_LEVEL = 0;
				GCC_PREPROCESSOR_DEFINITIONS = (
					"DEBUG=1",
					"$(inherited)",
				);
				GCC_WARN_64_TO_32_BIT_CONVERSION = YES;
				GCC_WARN_ABOUT_RETURN_TYPE = YES_ERROR;
				GCC_WARN_UNDECLARED_SELECTOR = YES;
				GCC_WARN_UNINITIALIZED_AUTOS = YES_AGGRESSIVE;
				GCC_WARN_UNUSED_FUNCTION = YES;
				GCC_WARN_UNUSED_VARIABLE = YES;
				MACOSX_DEPLOYMENT_TARGET = 14.0;
				MTL_ENABLE_DEBUG_INFO = INCLUDE_SOURCE;
				MTL_FAST_MATH = YES;
				ONLY_ACTIVE_ARCH = YES;
				SDKROOT = macosx;
				SWIFT_ACTIVE_COMPILATION_CONDITIONS = DEBUG;
				SWIFT_OPTIMIZATION_LEVEL = "-Onone";
				SWIFT_STRICT_CONCURRENCY = minimal;
				SWIFT_VERSION = 5.0;
				VERSIONING_SYSTEM = "apple-generic";
				VERSION_INFO_PREFIX = "";
			};
			name = Debug;
		};
		080EDF0421B6DA7E00813479 /* Release */ = {
			isa = XCBuildConfiguration;
			buildSettings = {
				ALWAYS_SEARCH_USER_PATHS = NO;
				ASSETCATALOG_COMPILER_GENERATE_SWIFT_ASSET_SYMBOL_EXTENSIONS = YES;
				CLANG_ANALYZER_LOCALIZABILITY_NONLOCALIZED = YES;
				CLANG_ANALYZER_NONNULL = YES;
				CLANG_ANALYZER_NUMBER_OBJECT_CONVERSION = YES_AGGRESSIVE;
				CLANG_CXX_LANGUAGE_STANDARD = "gnu++14";
				CLANG_CXX_LIBRARY = "libc++";
				CLANG_ENABLE_MODULES = YES;
				CLANG_ENABLE_OBJC_ARC = YES;
				CLANG_ENABLE_OBJC_WEAK = YES;
				CLANG_WARN_BLOCK_CAPTURE_AUTORELEASING = YES;
				CLANG_WARN_BOOL_CONVERSION = YES;
				CLANG_WARN_COMMA = YES;
				CLANG_WARN_CONSTANT_CONVERSION = YES;
				CLANG_WARN_DEPRECATED_OBJC_IMPLEMENTATIONS = YES;
				CLANG_WARN_DIRECT_OBJC_ISA_USAGE = YES_ERROR;
				CLANG_WARN_DOCUMENTATION_COMMENTS = YES;
				CLANG_WARN_EMPTY_BODY = YES;
				CLANG_WARN_ENUM_CONVERSION = YES;
				CLANG_WARN_INFINITE_RECURSION = YES;
				CLANG_WARN_INT_CONVERSION = YES;
				CLANG_WARN_NON_LITERAL_NULL_CONVERSION = YES;
				CLANG_WARN_OBJC_IMPLICIT_RETAIN_SELF = YES;
				CLANG_WARN_OBJC_LITERAL_CONVERSION = YES;
				CLANG_WARN_OBJC_ROOT_CLASS = YES_ERROR;
				CLANG_WARN_QUOTED_INCLUDE_IN_FRAMEWORK_HEADER = YES;
				CLANG_WARN_RANGE_LOOP_ANALYSIS = YES;
				CLANG_WARN_STRICT_PROTOTYPES = YES;
				CLANG_WARN_SUSPICIOUS_MOVE = YES;
				CLANG_WARN_UNGUARDED_AVAILABILITY = YES_AGGRESSIVE;
				CLANG_WARN_UNREACHABLE_CODE = YES;
				CLANG_WARN__DUPLICATE_METHOD_MATCH = YES;
				CODE_SIGN_IDENTITY = "Mac Developer";
				COPY_PHASE_STRIP = NO;
				CURRENT_PROJECT_VERSION = 1;
				DEAD_CODE_STRIPPING = YES;
				DEBUG_INFORMATION_FORMAT = "dwarf-with-dsym";
				DEVELOPMENT_TEAM = YK9KUM8896;
				ENABLE_NS_ASSERTIONS = NO;
				ENABLE_STRICT_OBJC_MSGSEND = YES;
				ENABLE_USER_SCRIPT_SANDBOXING = YES;
				GCC_C_LANGUAGE_STANDARD = gnu11;
				GCC_NO_COMMON_BLOCKS = YES;
				GCC_WARN_64_TO_32_BIT_CONVERSION = YES;
				GCC_WARN_ABOUT_RETURN_TYPE = YES_ERROR;
				GCC_WARN_UNDECLARED_SELECTOR = YES;
				GCC_WARN_UNINITIALIZED_AUTOS = YES_AGGRESSIVE;
				GCC_WARN_UNUSED_FUNCTION = YES;
				GCC_WARN_UNUSED_VARIABLE = YES;
				MACOSX_DEPLOYMENT_TARGET = 14.0;
				MTL_ENABLE_DEBUG_INFO = NO;
				MTL_FAST_MATH = YES;
				SDKROOT = macosx;
				SWIFT_COMPILATION_MODE = wholemodule;
				SWIFT_OPTIMIZATION_LEVEL = "-O";
				SWIFT_STRICT_CONCURRENCY = minimal;
				SWIFT_VERSION = 5.0;
				VERSIONING_SYSTEM = "apple-generic";
				VERSION_INFO_PREFIX = "";
			};
			name = Release;
		};
		080EDF0621B6DA7E00813479 /* Debug */ = {
			isa = XCBuildConfiguration;
			buildSettings = {
				CLANG_ENABLE_MODULES = YES;
				CODE_SIGN_IDENTITY = "";
				CODE_SIGN_STYLE = Automatic;
				COMBINE_HIDPI_IMAGES = YES;
				DEAD_CODE_STRIPPING = YES;
				DEFINES_MODULE = YES;
				DYLIB_COMPATIBILITY_VERSION = 1;
				DYLIB_CURRENT_VERSION = 1;
				DYLIB_INSTALL_NAME_BASE = "@rpath";
				ENABLE_MODULE_VERIFIER = YES;
				FRAMEWORK_VERSION = A;
				INFOPLIST_FILE = EssentialFeed/Info.plist;
				INSTALL_PATH = "$(LOCAL_LIBRARY_DIR)/Frameworks";
				IPHONEOS_DEPLOYMENT_TARGET = 17.6;
				LD_RUNPATH_SEARCH_PATHS = (
					"$(inherited)",
					"@executable_path/../Frameworks",
					"@loader_path/Frameworks",
				);
				MODULE_VERIFIER_SUPPORTED_LANGUAGE_STANDARDS = "gnu11 gnu++14";
				PRODUCT_BUNDLE_IDENTIFIER = com.essentialdeveloper.EssentialFeed;
				PRODUCT_NAME = "$(TARGET_NAME:c99extidentifier)";
				SKIP_INSTALL = YES;
				SUPPORTED_PLATFORMS = "macosx iphoneos iphonesimulator";
				SWIFT_OPTIMIZATION_LEVEL = "-Onone";
				TARGETED_DEVICE_FAMILY = 1;
			};
			name = Debug;
		};
		080EDF0721B6DA7E00813479 /* Release */ = {
			isa = XCBuildConfiguration;
			buildSettings = {
				CLANG_ENABLE_MODULES = YES;
				CODE_SIGN_IDENTITY = "";
				CODE_SIGN_STYLE = Automatic;
				COMBINE_HIDPI_IMAGES = YES;
				DEAD_CODE_STRIPPING = YES;
				DEFINES_MODULE = YES;
				DYLIB_COMPATIBILITY_VERSION = 1;
				DYLIB_CURRENT_VERSION = 1;
				DYLIB_INSTALL_NAME_BASE = "@rpath";
				ENABLE_MODULE_VERIFIER = YES;
				FRAMEWORK_VERSION = A;
				INFOPLIST_FILE = EssentialFeed/Info.plist;
				INSTALL_PATH = "$(LOCAL_LIBRARY_DIR)/Frameworks";
				IPHONEOS_DEPLOYMENT_TARGET = 17.6;
				LD_RUNPATH_SEARCH_PATHS = (
					"$(inherited)",
					"@executable_path/../Frameworks",
					"@loader_path/Frameworks",
				);
				MODULE_VERIFIER_SUPPORTED_LANGUAGE_STANDARDS = "gnu11 gnu++14";
				PRODUCT_BUNDLE_IDENTIFIER = com.essentialdeveloper.EssentialFeed;
				PRODUCT_NAME = "$(TARGET_NAME:c99extidentifier)";
				SKIP_INSTALL = YES;
				SUPPORTED_PLATFORMS = "macosx iphoneos iphonesimulator";
				TARGETED_DEVICE_FAMILY = 1;
			};
			name = Release;
		};
		080EDF0921B6DA7E00813479 /* Debug */ = {
			isa = XCBuildConfiguration;
			buildSettings = {
				CLANG_ENABLE_MODULES = YES;
				"CODE_SIGN_IDENTITY[sdk=macosx*]" = "-";
				CODE_SIGN_STYLE = Automatic;
				COMBINE_HIDPI_IMAGES = YES;
				DEAD_CODE_STRIPPING = YES;
				INFOPLIST_FILE = EssentialFeedTests/Info.plist;
				IPHONEOS_DEPLOYMENT_TARGET = 17.6;
				LD_RUNPATH_SEARCH_PATHS = (
					"$(inherited)",
					"@executable_path/../Frameworks",
					"@loader_path/../Frameworks",
				);
				PRODUCT_BUNDLE_IDENTIFIER = com.essentialdeveloper.EssentialFeedTests;
				PRODUCT_NAME = "$(TARGET_NAME)";
				SUPPORTED_PLATFORMS = "macosx iphoneos iphonesimulator";
				SWIFT_OPTIMIZATION_LEVEL = "-Onone";
				SWIFT_VERSION = 5.0;
			};
			name = Debug;
		};
		080EDF0A21B6DA7E00813479 /* Release */ = {
			isa = XCBuildConfiguration;
			buildSettings = {
				CLANG_ENABLE_MODULES = YES;
				"CODE_SIGN_IDENTITY[sdk=macosx*]" = "-";
				CODE_SIGN_STYLE = Automatic;
				COMBINE_HIDPI_IMAGES = YES;
				DEAD_CODE_STRIPPING = YES;
				INFOPLIST_FILE = EssentialFeedTests/Info.plist;
				IPHONEOS_DEPLOYMENT_TARGET = 17.6;
				LD_RUNPATH_SEARCH_PATHS = (
					"$(inherited)",
					"@executable_path/../Frameworks",
					"@loader_path/../Frameworks",
				);
				PRODUCT_BUNDLE_IDENTIFIER = com.essentialdeveloper.EssentialFeedTests;
				PRODUCT_NAME = "$(TARGET_NAME)";
				SUPPORTED_PLATFORMS = "macosx iphoneos iphonesimulator";
				SWIFT_VERSION = 5.0;
			};
			name = Release;
		};
		D213E1B32E41F6C400603FC9 /* Debug */ = {
			isa = XCBuildConfiguration;
			buildSettings = {
				CLANG_CXX_LANGUAGE_STANDARD = "gnu++20";
				CODE_SIGN_STYLE = Automatic;
				CURRENT_PROJECT_VERSION = 1;
				GCC_C_LANGUAGE_STANDARD = gnu17;
				GENERATE_INFOPLIST_FILE = YES;
				IPHONEOS_DEPLOYMENT_TARGET = 17.6;
				LOCALIZATION_PREFERS_STRING_CATALOGS = YES;
				MACOSX_DEPLOYMENT_TARGET = 14.0;
				MARKETING_VERSION = 1.0;
				PRODUCT_BUNDLE_IDENTIFIER = xyz.nikolamilic.EssentialFeedCacheIntegrationTests;
				PRODUCT_NAME = "$(TARGET_NAME)";
				SUPPORTED_PLATFORMS = "macosx iphonesimulator iphoneos";
				SWIFT_ACTIVE_COMPILATION_CONDITIONS = "DEBUG $(inherited)";
				SWIFT_EMIT_LOC_STRINGS = NO;
				SWIFT_VERSION = 5.0;
			};
			name = Debug;
		};
		D213E1B42E41F6C400603FC9 /* Release */ = {
			isa = XCBuildConfiguration;
			buildSettings = {
				CLANG_CXX_LANGUAGE_STANDARD = "gnu++20";
				CODE_SIGN_STYLE = Automatic;
				CURRENT_PROJECT_VERSION = 1;
				GCC_C_LANGUAGE_STANDARD = gnu17;
				GENERATE_INFOPLIST_FILE = YES;
				IPHONEOS_DEPLOYMENT_TARGET = 17.6;
				LOCALIZATION_PREFERS_STRING_CATALOGS = YES;
				MACOSX_DEPLOYMENT_TARGET = 14.0;
				MARKETING_VERSION = 1.0;
				PRODUCT_BUNDLE_IDENTIFIER = xyz.nikolamilic.EssentialFeedCacheIntegrationTests;
				PRODUCT_NAME = "$(TARGET_NAME)";
				SUPPORTED_PLATFORMS = "macosx iphonesimulator iphoneos";
				SWIFT_EMIT_LOC_STRINGS = NO;
				SWIFT_VERSION = 5.0;
			};
			name = Release;
		};
		D220223D2E49E23300C319EE /* Debug */ = {
			isa = XCBuildConfiguration;
			buildSettings = {
				BUILD_LIBRARY_FOR_DISTRIBUTION = NO;
				CLANG_CXX_LANGUAGE_STANDARD = "gnu++20";
				CLANG_ENABLE_MODULES = YES;
				CODE_SIGN_IDENTITY = "";
				CODE_SIGN_STYLE = Automatic;
				CURRENT_PROJECT_VERSION = 1;
				DEFINES_MODULE = YES;
				DYLIB_COMPATIBILITY_VERSION = 1;
				DYLIB_CURRENT_VERSION = 1;
				DYLIB_INSTALL_NAME_BASE = "@rpath";
				ENABLE_MODULE_VERIFIER = YES;
				GCC_C_LANGUAGE_STANDARD = gnu17;
				GENERATE_INFOPLIST_FILE = YES;
				INFOPLIST_KEY_NSHumanReadableCopyright = "";
				INSTALL_PATH = "$(LOCAL_LIBRARY_DIR)/Frameworks";
				IPHONEOS_DEPLOYMENT_TARGET = 17.6;
				LD_RUNPATH_SEARCH_PATHS = (
					"$(inherited)",
					"@executable_path/Frameworks",
					"@loader_path/Frameworks",
				);
				LOCALIZATION_PREFERS_STRING_CATALOGS = YES;
				MARKETING_VERSION = 1.0;
				MODULE_VERIFIER_SUPPORTED_LANGUAGES = "objective-c objective-c++";
				MODULE_VERIFIER_SUPPORTED_LANGUAGE_STANDARDS = "gnu17 gnu++20";
				PRODUCT_BUNDLE_IDENTIFIER = xyz.nikolamilic.EssentialFeediOS;
				PRODUCT_NAME = "$(TARGET_NAME:c99extidentifier)";
				SDKROOT = iphoneos;
				SKIP_INSTALL = YES;
				SUPPORTED_PLATFORMS = "iphoneos iphonesimulator";
				SUPPORTS_MACCATALYST = NO;
				SUPPORTS_MAC_DESIGNED_FOR_IPHONE_IPAD = NO;
				SUPPORTS_XR_DESIGNED_FOR_IPHONE_IPAD = NO;
				SWIFT_ACTIVE_COMPILATION_CONDITIONS = "DEBUG $(inherited)";
				SWIFT_EMIT_LOC_STRINGS = YES;
				SWIFT_INSTALL_OBJC_HEADER = YES;
				SWIFT_OPTIMIZATION_LEVEL = "-Onone";
				SWIFT_VERSION = 5.0;
				TARGETED_DEVICE_FAMILY = "1,2";
			};
			name = Debug;
		};
		D220223E2E49E23300C319EE /* Release */ = {
			isa = XCBuildConfiguration;
			buildSettings = {
				BUILD_LIBRARY_FOR_DISTRIBUTION = NO;
				CLANG_CXX_LANGUAGE_STANDARD = "gnu++20";
				CLANG_ENABLE_MODULES = YES;
				CODE_SIGN_IDENTITY = "";
				CODE_SIGN_STYLE = Automatic;
				CURRENT_PROJECT_VERSION = 1;
				DEFINES_MODULE = YES;
				DYLIB_COMPATIBILITY_VERSION = 1;
				DYLIB_CURRENT_VERSION = 1;
				DYLIB_INSTALL_NAME_BASE = "@rpath";
				ENABLE_MODULE_VERIFIER = YES;
				GCC_C_LANGUAGE_STANDARD = gnu17;
				GENERATE_INFOPLIST_FILE = YES;
				INFOPLIST_KEY_NSHumanReadableCopyright = "";
				INSTALL_PATH = "$(LOCAL_LIBRARY_DIR)/Frameworks";
				IPHONEOS_DEPLOYMENT_TARGET = 17.6;
				LD_RUNPATH_SEARCH_PATHS = (
					"$(inherited)",
					"@executable_path/Frameworks",
					"@loader_path/Frameworks",
				);
				LOCALIZATION_PREFERS_STRING_CATALOGS = YES;
				MARKETING_VERSION = 1.0;
				MODULE_VERIFIER_SUPPORTED_LANGUAGES = "objective-c objective-c++";
				MODULE_VERIFIER_SUPPORTED_LANGUAGE_STANDARDS = "gnu17 gnu++20";
				PRODUCT_BUNDLE_IDENTIFIER = xyz.nikolamilic.EssentialFeediOS;
				PRODUCT_NAME = "$(TARGET_NAME:c99extidentifier)";
				SDKROOT = iphoneos;
				SKIP_INSTALL = YES;
				SUPPORTED_PLATFORMS = "iphoneos iphonesimulator";
				SUPPORTS_MACCATALYST = NO;
				SUPPORTS_MAC_DESIGNED_FOR_IPHONE_IPAD = NO;
				SUPPORTS_XR_DESIGNED_FOR_IPHONE_IPAD = NO;
				SWIFT_EMIT_LOC_STRINGS = YES;
				SWIFT_INSTALL_OBJC_HEADER = YES;
				SWIFT_VERSION = 5.0;
				TARGETED_DEVICE_FAMILY = "1,2";
				VALIDATE_PRODUCT = YES;
			};
			name = Release;
		};
		D22022402E49E23300C319EE /* Debug */ = {
			isa = XCBuildConfiguration;
			buildSettings = {
				CLANG_CXX_LANGUAGE_STANDARD = "gnu++20";
				CLANG_ENABLE_MODULES = YES;
				CODE_SIGN_STYLE = Automatic;
				CURRENT_PROJECT_VERSION = 1;
				GCC_C_LANGUAGE_STANDARD = gnu17;
				GENERATE_INFOPLIST_FILE = YES;
				IPHONEOS_DEPLOYMENT_TARGET = 17.6;
				LOCALIZATION_PREFERS_STRING_CATALOGS = YES;
				MARKETING_VERSION = 1.0;
				PRODUCT_BUNDLE_IDENTIFIER = xyz.nikolamilic.EssentialFeediOSTests;
				PRODUCT_NAME = "$(TARGET_NAME)";
				SDKROOT = iphoneos;
				SUPPORTED_PLATFORMS = "iphoneos iphonesimulator";
				SUPPORTS_MACCATALYST = NO;
				SUPPORTS_MAC_DESIGNED_FOR_IPHONE_IPAD = NO;
				SUPPORTS_XR_DESIGNED_FOR_IPHONE_IPAD = NO;
				SWIFT_ACTIVE_COMPILATION_CONDITIONS = "DEBUG $(inherited)";
				SWIFT_EMIT_LOC_STRINGS = NO;
				SWIFT_OPTIMIZATION_LEVEL = "-Onone";
				SWIFT_VERSION = 5.0;
				TARGETED_DEVICE_FAMILY = "1,2";
			};
			name = Debug;
		};
		D22022412E49E23300C319EE /* Release */ = {
			isa = XCBuildConfiguration;
			buildSettings = {
				CLANG_CXX_LANGUAGE_STANDARD = "gnu++20";
				CLANG_ENABLE_MODULES = YES;
				CODE_SIGN_STYLE = Automatic;
				CURRENT_PROJECT_VERSION = 1;
				GCC_C_LANGUAGE_STANDARD = gnu17;
				GENERATE_INFOPLIST_FILE = YES;
				IPHONEOS_DEPLOYMENT_TARGET = 17.6;
				LOCALIZATION_PREFERS_STRING_CATALOGS = YES;
				MARKETING_VERSION = 1.0;
				PRODUCT_BUNDLE_IDENTIFIER = xyz.nikolamilic.EssentialFeediOSTests;
				PRODUCT_NAME = "$(TARGET_NAME)";
				SDKROOT = iphoneos;
				SUPPORTED_PLATFORMS = "iphoneos iphonesimulator";
				SUPPORTS_MACCATALYST = NO;
				SUPPORTS_MAC_DESIGNED_FOR_IPHONE_IPAD = NO;
				SUPPORTS_XR_DESIGNED_FOR_IPHONE_IPAD = NO;
				SWIFT_EMIT_LOC_STRINGS = NO;
				SWIFT_VERSION = 5.0;
				TARGETED_DEVICE_FAMILY = "1,2";
				VALIDATE_PRODUCT = YES;
			};
			name = Release;
		};
		D2E91D722D159D6C00EFE4A2 /* Debug */ = {
			isa = XCBuildConfiguration;
			buildSettings = {
				CLANG_CXX_LANGUAGE_STANDARD = "gnu++20";
				"CODE_SIGN_IDENTITY[sdk=macosx*]" = "-";
				CODE_SIGN_STYLE = Automatic;
				CURRENT_PROJECT_VERSION = 1;
				GCC_C_LANGUAGE_STANDARD = gnu17;
				GENERATE_INFOPLIST_FILE = YES;
				IPHONEOS_DEPLOYMENT_TARGET = 17.6;
				LOCALIZATION_PREFERS_STRING_CATALOGS = YES;
				MARKETING_VERSION = 1.0;
				PRODUCT_BUNDLE_IDENTIFIER = xyz.nikolamilic.EssentialFeedAPIEndToEndTests;
				PRODUCT_NAME = "$(TARGET_NAME)";
				SUPPORTED_PLATFORMS = "macosx iphoneos iphonesimulator";
				SWIFT_ACTIVE_COMPILATION_CONDITIONS = "DEBUG $(inherited)";
				SWIFT_EMIT_LOC_STRINGS = NO;
				SWIFT_VERSION = 5.0;
			};
			name = Debug;
		};
		D2E91D732D159D6C00EFE4A2 /* Release */ = {
			isa = XCBuildConfiguration;
			buildSettings = {
				CLANG_CXX_LANGUAGE_STANDARD = "gnu++20";
				"CODE_SIGN_IDENTITY[sdk=macosx*]" = "-";
				CODE_SIGN_STYLE = Automatic;
				CURRENT_PROJECT_VERSION = 1;
				GCC_C_LANGUAGE_STANDARD = gnu17;
				GENERATE_INFOPLIST_FILE = YES;
				IPHONEOS_DEPLOYMENT_TARGET = 17.6;
				LOCALIZATION_PREFERS_STRING_CATALOGS = YES;
				MARKETING_VERSION = 1.0;
				PRODUCT_BUNDLE_IDENTIFIER = xyz.nikolamilic.EssentialFeedAPIEndToEndTests;
				PRODUCT_NAME = "$(TARGET_NAME)";
				SUPPORTED_PLATFORMS = "macosx iphoneos iphonesimulator";
				SWIFT_EMIT_LOC_STRINGS = NO;
				SWIFT_VERSION = 5.0;
			};
			name = Release;
		};
/* End XCBuildConfiguration section */

/* Begin XCConfigurationList section */
		080EDEEB21B6DA7E00813479 /* Build configuration list for PBXProject "EssentialFeed" */ = {
			isa = XCConfigurationList;
			buildConfigurations = (
				080EDF0321B6DA7E00813479 /* Debug */,
				080EDF0421B6DA7E00813479 /* Release */,
			);
			defaultConfigurationIsVisible = 0;
			defaultConfigurationName = Release;
		};
		080EDF0521B6DA7E00813479 /* Build configuration list for PBXNativeTarget "EssentialFeed" */ = {
			isa = XCConfigurationList;
			buildConfigurations = (
				080EDF0621B6DA7E00813479 /* Debug */,
				080EDF0721B6DA7E00813479 /* Release */,
			);
			defaultConfigurationIsVisible = 0;
			defaultConfigurationName = Release;
		};
		080EDF0821B6DA7E00813479 /* Build configuration list for PBXNativeTarget "EssentialFeedTests" */ = {
			isa = XCConfigurationList;
			buildConfigurations = (
				080EDF0921B6DA7E00813479 /* Debug */,
				080EDF0A21B6DA7E00813479 /* Release */,
			);
			defaultConfigurationIsVisible = 0;
			defaultConfigurationName = Release;
		};
		D213E1B52E41F6C400603FC9 /* Build configuration list for PBXNativeTarget "EssentialFeedCacheIntegrationTests" */ = {
			isa = XCConfigurationList;
			buildConfigurations = (
				D213E1B32E41F6C400603FC9 /* Debug */,
				D213E1B42E41F6C400603FC9 /* Release */,
			);
			defaultConfigurationIsVisible = 0;
			defaultConfigurationName = Release;
		};
		D220223C2E49E23300C319EE /* Build configuration list for PBXNativeTarget "EssentialFeediOS" */ = {
			isa = XCConfigurationList;
			buildConfigurations = (
				D220223D2E49E23300C319EE /* Debug */,
				D220223E2E49E23300C319EE /* Release */,
			);
			defaultConfigurationIsVisible = 0;
			defaultConfigurationName = Release;
		};
		D220223F2E49E23300C319EE /* Build configuration list for PBXNativeTarget "EssentialFeediOSTests" */ = {
			isa = XCConfigurationList;
			buildConfigurations = (
				D22022402E49E23300C319EE /* Debug */,
				D22022412E49E23300C319EE /* Release */,
			);
			defaultConfigurationIsVisible = 0;
			defaultConfigurationName = Release;
		};
		D2E91D712D159D6C00EFE4A2 /* Build configuration list for PBXNativeTarget "EssentialFeedAPIEndToEndTests" */ = {
			isa = XCConfigurationList;
			buildConfigurations = (
				D2E91D722D159D6C00EFE4A2 /* Debug */,
				D2E91D732D159D6C00EFE4A2 /* Release */,
			);
			defaultConfigurationIsVisible = 0;
			defaultConfigurationName = Release;
		};
/* End XCConfigurationList section */

/* Begin XCVersionGroup section */
		D213E19C2E40B96600603FC9 /* FeedStore.xcdatamodeld */ = {
			isa = XCVersionGroup;
			children = (
				D2A2F7E02E795C78003E5004 /* FeedStore2.xcdatamodel */,
				D213E19D2E40B96600603FC9 /* FeedStore.xcdatamodel */,
			);
			currentVersion = D2A2F7E02E795C78003E5004 /* FeedStore2.xcdatamodel */;
			path = FeedStore.xcdatamodeld;
			sourceTree = "<group>";
			versionGroupType = wrapper.xcdatamodel;
		};
/* End XCVersionGroup section */
	};
	rootObject = 080EDEE821B6DA7E00813479 /* Project object */;
}
